PODS:
  - IQKeyboardManager (6.5.9)
  - Masonry (1.1.0)
  - YHNavigationBar (1.0.2)

DEPENDENCIES:
  - IQKeyboardManager
  - Masonry
  - YHNavigationBar (from `https://github.com/yelinux/YHNavigationBar.git`)

SPEC REPOS:
  trunk:
    - IQKeyboardManager
    - Masonry

EXTERNAL SOURCES:
  YHNavigationBar:
    :git: https://github.com/yelinux/YHNavigationBar.git

CHECKOUT OPTIONS:
  YHNavigationBar:
    :commit: 14af79d999935d60bfe1247977833aaba4cdffa7
    :git: https://github.com/yelinux/YHNavigationBar.git

SPEC CHECKSUMS:
  IQKeyboardManager: 241cc94ccabc9deb8f8bd7d12f00d73288d13ecc
  Masonry: 678fab65091a9290e40e2832a55e7ab731aad201
  YHNavigationBar: ef860b914f216a49608b6b9d3fe3a71acd8674fb

PODFILE CHECKSUM: abbcb24b241581604dad0f603fa3a595f8218aa3

COCOAPODS: 1.11.2
