PODS:
  - IQKeyboardManager (6.5.9)
  - Masonry (1.1.0)
  - MLeaksFinder (1.0.0)

DEPENDENCIES:
  - IQKeyboardManager
  - Masonry
  - MLeaksFinder (from `https://github.com/Tencent/MLeaksFinder`)

SPEC REPOS:
  trunk:
    - IQKeyboardManager
    - Masonry

EXTERNAL SOURCES:
  MLeaksFinder:
    :git: https://github.com/Tencent/MLeaksFinder

CHECKOUT OPTIONS:
  MLeaksFinder:
    :commit: dda7088f1bbe9d1d07e730d37a16413dffa4747a
    :git: https://github.com/Tencent/MLeaksFinder

SPEC CHECKSUMS:
  IQKeyboardManager: 241cc94ccabc9deb8f8bd7d12f00d73288d13ecc
  Masonry: 678fab65091a9290e40e2832a55e7ab731aad201
  MLeaksFinder: 89eb3142bf1bbd0a3d1849543b629399c5da74c5

PODFILE CHECKSUM: 28f55f3abe5a565ac657bfed8be8a22847fe1771

COCOAPODS: 1.11.2
