// !$*UTF8*$!
{
	archiveVersion = 1;
	classes = {
	};
	objectVersion = 55;
	objects = {

/* Begin PBXBuildFile section */
		04146C6B2CD35AD300D26634 /* DrawShapTestVC.m in Sources */ = {isa = PBXBuildFile; fileRef = 04146C6A2CD35AD300D26634 /* DrawShapTestVC.m */; };
		04146C6E2CD35CE800D26634 /* DrawShapTestView.m in Sources */ = {isa = PBXBuildFile; fileRef = 04146C6D2CD35CE800D26634 /* DrawShapTestView.m */; };
		04146C712CD35E0D00D26634 /* DrawPointBaseView.m in Sources */ = {isa = PBXBuildFile; fileRef = 04146C702CD35E0D00D26634 /* DrawPointBaseView.m */; };
		04146C742CD35E4400D26634 /* DrawMoveToPointView.m in Sources */ = {isa = PBXBuildFile; fileRef = 04146C732CD35E4400D26634 /* DrawMoveToPointView.m */; };
		04146C7A2CD35F1F00D26634 /* CheckView.m in Sources */ = {isa = PBXBuildFile; fileRef = 04146C792CD35F1F00D26634 /* CheckView.m */; };
		04146C7D2CD3620000D26634 /* DrawLineToPointView.m in Sources */ = {isa = PBXBuildFile; fileRef = 04146C7C2CD3620000D26634 /* DrawLineToPointView.m */; };
		04146C802CD36D8200D26634 /* DrawAddQuadCurveToPointView.m in Sources */ = {isa = PBXBuildFile; fileRef = 04146C7F2CD36D8200D26634 /* DrawAddQuadCurveToPointView.m */; };
		044778DD2A1DACB200E28B02 /* StretchableImageTestVC.m in Sources */ = {isa = PBXBuildFile; fileRef = 044778DC2A1DACB200E28B02 /* StretchableImageTestVC.m */; };
		044778E12A1DB7FA00E28B02 /* ResizableImageTestVC.m in Sources */ = {isa = PBXBuildFile; fileRef = 044778E02A1DB7FA00E28B02 /* ResizableImageTestVC.m */; };
		04B8B6092C002FEA00337893 /* GradientTestVC.m in Sources */ = {isa = PBXBuildFile; fileRef = 04B8B6082C002FEA00337893 /* GradientTestVC.m */; };
		04BF14D02C1004ED004D2B14 /* AVPlayerTestVC.xib in Resources */ = {isa = PBXBuildFile; fileRef = 04BF14CF2C1004ED004D2B14 /* AVPlayerTestVC.xib */; };
		04BF14D12C1004ED004D2B14 /* AVPlayerTestVC.m in Sources */ = {isa = PBXBuildFile; fileRef = 04BF14CE2C1004ED004D2B14 /* AVPlayerTestVC.m */; };
		04BF14D42C100E5C004D2B14 /* AVPlayerTestVC+other.m in Sources */ = {isa = PBXBuildFile; fileRef = 04BF14D32C100E5C004D2B14 /* AVPlayerTestVC+other.m */; };
		55DD647A3D574DC5AED6956D /* Pods_UIKitPreviewNote.framework in Frameworks */ = {isa = PBXBuildFile; fileRef = CDF48E19C79DF3D3AB414A52 /* Pods_UIKitPreviewNote.framework */; };
		81083F4627DECEE6002E954F /* LBTableViewHeader.m in Sources */ = {isa = PBXBuildFile; fileRef = 81083F4527DECEE6002E954F /* LBTableViewHeader.m */; };
		81083F4927DED771002E954F /* UIFontSystemVC.m in Sources */ = {isa = PBXBuildFile; fileRef = 81083F4827DED771002E954F /* UIFontSystemVC.m */; };
		81083F4C27DEE3C9002E954F /* SettingFontVC.m in Sources */ = {isa = PBXBuildFile; fileRef = 81083F4B27DEE3C9002E954F /* SettingFontVC.m */; };
		81083F5327DF0F75002E954F /* SettingColorVC.m in Sources */ = {isa = PBXBuildFile; fileRef = 81083F5227DF0F75002E954F /* SettingColorVC.m */; };
		810C2C5E27DAF67500BFF101 /* SettingVC.m in Sources */ = {isa = PBXBuildFile; fileRef = 810C2C5D27DAF67500BFF101 /* SettingVC.m */; };
		810C2C6127DAF74800BFF101 /* SettingKeyVC.m in Sources */ = {isa = PBXBuildFile; fileRef = 810C2C6027DAF74800BFF101 /* SettingKeyVC.m */; };
		810C2C6427DAF81A00BFF101 /* SettingEnumValueVC.m in Sources */ = {isa = PBXBuildFile; fileRef = 810C2C6327DAF81A00BFF101 /* SettingEnumValueVC.m */; };
		810C2C6C27DB34A300BFF101 /* UIFontFamilysVC.m in Sources */ = {isa = PBXBuildFile; fileRef = 810C2C6B27DB34A300BFF101 /* UIFontFamilysVC.m */; };
		8115F05727F82D7500D0C547 /* NavigationBarVC.m in Sources */ = {isa = PBXBuildFile; fileRef = 8115F05627F82D7500D0C547 /* NavigationBarVC.m */; };
		8115F05A27F8305100D0C547 /* SettingBoolCell.m in Sources */ = {isa = PBXBuildFile; fileRef = 8115F05927F8305100D0C547 /* SettingBoolCell.m */; };
		8115F05D27FD2E8600D0C547 /* CustomTitleView.m in Sources */ = {isa = PBXBuildFile; fileRef = 8115F05C27FD2E8600D0C547 /* CustomTitleView.m */; };
		8115F06127FD341500D0C547 /* NavigationItemVC.m in Sources */ = {isa = PBXBuildFile; fileRef = 8115F06027FD341500D0C547 /* NavigationItemVC.m */; };
		812CCA7B280524D00054E3A4 /* ShadowTestVC.m in Sources */ = {isa = PBXBuildFile; fileRef = 812CCA7A280524D00054E3A4 /* ShadowTestVC.m */; };
		8140182D27FE6F9300E66298 /* TabBarPreviewVC.m in Sources */ = {isa = PBXBuildFile; fileRef = 8140182C27FE6F9300E66298 /* TabBarPreviewVC.m */; };
		8140183027FE70BD00E66298 /* TabBarDemoVC.m in Sources */ = {isa = PBXBuildFile; fileRef = 8140182F27FE70BD00E66298 /* TabBarDemoVC.m */; };
		8140183427FEAD7D00E66298 /* Quart2DVC.m in Sources */ = {isa = PBXBuildFile; fileRef = 8140183327FEAD7D00E66298 /* Quart2DVC.m */; };
		8140183727FEAE7500E66298 /* Quart2DTestView.m in Sources */ = {isa = PBXBuildFile; fileRef = 8140183627FEAE7500E66298 /* Quart2DTestView.m */; };
		8172214227DAEF2D0041E39D /* AppDelegate.m in Sources */ = {isa = PBXBuildFile; fileRef = 8172214127DAEF2D0041E39D /* AppDelegate.m */; };
		8172214827DAEF2D0041E39D /* ViewController.m in Sources */ = {isa = PBXBuildFile; fileRef = 8172214727DAEF2D0041E39D /* ViewController.m */; };
		8172214B27DAEF2D0041E39D /* Main.storyboard in Resources */ = {isa = PBXBuildFile; fileRef = 8172214927DAEF2D0041E39D /* Main.storyboard */; };
		8172214D27DAEF2E0041E39D /* Assets.xcassets in Resources */ = {isa = PBXBuildFile; fileRef = 8172214C27DAEF2E0041E39D /* Assets.xcassets */; };
		8172215027DAEF2E0041E39D /* LaunchScreen.storyboard in Resources */ = {isa = PBXBuildFile; fileRef = 8172214E27DAEF2E0041E39D /* LaunchScreen.storyboard */; };
		8172215327DAEF2E0041E39D /* main.m in Sources */ = {isa = PBXBuildFile; fileRef = 8172215227DAEF2E0041E39D /* main.m */; };
		8172216727DAF3040041E39D /* UILabelVC.m in Sources */ = {isa = PBXBuildFile; fileRef = 8172216527DAF3040041E39D /* UILabelVC.m */; };
		817799B527E99D4B00BB90F3 /* NSAttributeStringVC.m in Sources */ = {isa = PBXBuildFile; fileRef = 817799B427E99D4B00BB90F3 /* NSAttributeStringVC.m */; };
		8179D0D827E1C93A0091D862 /* SettingNumCell.m in Sources */ = {isa = PBXBuildFile; fileRef = 8179D0D727E1C93A0091D862 /* SettingNumCell.m */; };
		818595A228066B25002227A1 /* ViewTransitionAnimVC.m in Sources */ = {isa = PBXBuildFile; fileRef = 818595A128066B25002227A1 /* ViewTransitionAnimVC.m */; };
		818595A528066D1B002227A1 /* ViewTransitionView.m in Sources */ = {isa = PBXBuildFile; fileRef = 818595A428066D1B002227A1 /* ViewTransitionView.m */; };
		81AFBCF0280556A20071BF8C /* SearchControllerTestVC.m in Sources */ = {isa = PBXBuildFile; fileRef = 81AFBCEF280556A20071BF8C /* SearchControllerTestVC.m */; };
		81AFBCF32805574A0071BF8C /* SearchResultVC.m in Sources */ = {isa = PBXBuildFile; fileRef = 81AFBCF22805574A0071BF8C /* SearchResultVC.m */; };
		81BC1F7927ED5D0800A8AFCF /* UICollectionVC.m in Sources */ = {isa = PBXBuildFile; fileRef = 81BC1F7827ED5D0800A8AFCF /* UICollectionVC.m */; };
		81BC1F7C27ED5EA400A8AFCF /* MyCollectionViewCell.m in Sources */ = {isa = PBXBuildFile; fileRef = 81BC1F7B27ED5EA300A8AFCF /* MyCollectionViewCell.m */; };
		81BC1F7F27ED66B300A8AFCF /* MyCollectionViewFlowLayout.m in Sources */ = {isa = PBXBuildFile; fileRef = 81BC1F7E27ED66B300A8AFCF /* MyCollectionViewFlowLayout.m */; };
		81D7DF63280FAA9100AD2FCA /* UIView+YHLongPressDrag.m in Sources */ = {isa = PBXBuildFile; fileRef = 81D7DF62280FAA9100AD2FCA /* UIView+YHLongPressDrag.m */; };
		81E5CBF3280E45A900650FD4 /* StackTransitionView.m in Sources */ = {isa = PBXBuildFile; fileRef = 81E5CBF2280E45A900650FD4 /* StackTransitionView.m */; };
		81E5CBFB280E4EEB00650FD4 /* StackMovTestVC.m in Sources */ = {isa = PBXBuildFile; fileRef = 81E5CBFA280E4EEB00650FD4 /* StackMovTestVC.m */; };
		81E5CBFE280E4F8800650FD4 /* YHDragSortGridView.m in Sources */ = {isa = PBXBuildFile; fileRef = 81E5CBFD280E4F8800650FD4 /* YHDragSortGridView.m */; };
		81E5CC01280E5AE500650FD4 /* MovItemView.m in Sources */ = {isa = PBXBuildFile; fileRef = 81E5CC00280E5AE500650FD4 /* MovItemView.m */; };
		81E5CC04280E64C400650FD4 /* YHLongPressDragGestureRecognizer.m in Sources */ = {isa = PBXBuildFile; fileRef = 81E5CC03280E64C400650FD4 /* YHLongPressDragGestureRecognizer.m */; };
		81E5CC0A280EB3B800650FD4 /* YHDragSortBaseView.m in Sources */ = {isa = PBXBuildFile; fileRef = 81E5CC09280EB3B800650FD4 /* YHDragSortBaseView.m */; };
		81FE0D9E27FD75F800668DB2 /* SettingClickCell.m in Sources */ = {isa = PBXBuildFile; fileRef = 81FE0D9D27FD75F800668DB2 /* SettingClickCell.m */; };
/* End PBXBuildFile section */

/* Begin PBXFileReference section */
		04146C692CD35AD300D26634 /* DrawShapTestVC.h */ = {isa = PBXFileReference; lastKnownFileType = sourcecode.c.h; path = DrawShapTestVC.h; sourceTree = "<group>"; };
		04146C6A2CD35AD300D26634 /* DrawShapTestVC.m */ = {isa = PBXFileReference; lastKnownFileType = sourcecode.c.objc; path = DrawShapTestVC.m; sourceTree = "<group>"; };
		04146C6C2CD35CE800D26634 /* DrawShapTestView.h */ = {isa = PBXFileReference; lastKnownFileType = sourcecode.c.h; path = DrawShapTestView.h; sourceTree = "<group>"; };
		04146C6D2CD35CE800D26634 /* DrawShapTestView.m */ = {isa = PBXFileReference; lastKnownFileType = sourcecode.c.objc; path = DrawShapTestView.m; sourceTree = "<group>"; };
		04146C6F2CD35E0D00D26634 /* DrawPointBaseView.h */ = {isa = PBXFileReference; lastKnownFileType = sourcecode.c.h; path = DrawPointBaseView.h; sourceTree = "<group>"; };
		04146C702CD35E0D00D26634 /* DrawPointBaseView.m */ = {isa = PBXFileReference; lastKnownFileType = sourcecode.c.objc; path = DrawPointBaseView.m; sourceTree = "<group>"; };
		04146C722CD35E4400D26634 /* DrawMoveToPointView.h */ = {isa = PBXFileReference; lastKnownFileType = sourcecode.c.h; path = DrawMoveToPointView.h; sourceTree = "<group>"; };
		04146C732CD35E4400D26634 /* DrawMoveToPointView.m */ = {isa = PBXFileReference; lastKnownFileType = sourcecode.c.objc; path = DrawMoveToPointView.m; sourceTree = "<group>"; };
		04146C782CD35F1F00D26634 /* CheckView.h */ = {isa = PBXFileReference; lastKnownFileType = sourcecode.c.h; path = CheckView.h; sourceTree = "<group>"; };
		04146C792CD35F1F00D26634 /* CheckView.m */ = {isa = PBXFileReference; lastKnownFileType = sourcecode.c.objc; path = CheckView.m; sourceTree = "<group>"; };
		04146C7B2CD3620000D26634 /* DrawLineToPointView.h */ = {isa = PBXFileReference; lastKnownFileType = sourcecode.c.h; path = DrawLineToPointView.h; sourceTree = "<group>"; };
		04146C7C2CD3620000D26634 /* DrawLineToPointView.m */ = {isa = PBXFileReference; lastKnownFileType = sourcecode.c.objc; path = DrawLineToPointView.m; sourceTree = "<group>"; };
		04146C7E2CD36D8200D26634 /* DrawAddQuadCurveToPointView.h */ = {isa = PBXFileReference; lastKnownFileType = sourcecode.c.h; path = DrawAddQuadCurveToPointView.h; sourceTree = "<group>"; };
		04146C7F2CD36D8200D26634 /* DrawAddQuadCurveToPointView.m */ = {isa = PBXFileReference; lastKnownFileType = sourcecode.c.objc; path = DrawAddQuadCurveToPointView.m; sourceTree = "<group>"; };
		044778DB2A1DACB200E28B02 /* StretchableImageTestVC.h */ = {isa = PBXFileReference; lastKnownFileType = sourcecode.c.h; path = StretchableImageTestVC.h; sourceTree = "<group>"; };
		044778DC2A1DACB200E28B02 /* StretchableImageTestVC.m */ = {isa = PBXFileReference; lastKnownFileType = sourcecode.c.objc; path = StretchableImageTestVC.m; sourceTree = "<group>"; };
		044778DF2A1DB7FA00E28B02 /* ResizableImageTestVC.h */ = {isa = PBXFileReference; lastKnownFileType = sourcecode.c.h; path = ResizableImageTestVC.h; sourceTree = "<group>"; };
		044778E02A1DB7FA00E28B02 /* ResizableImageTestVC.m */ = {isa = PBXFileReference; lastKnownFileType = sourcecode.c.objc; path = ResizableImageTestVC.m; sourceTree = "<group>"; };
		04B8B6072C002FEA00337893 /* GradientTestVC.h */ = {isa = PBXFileReference; lastKnownFileType = sourcecode.c.h; path = GradientTestVC.h; sourceTree = "<group>"; };
		04B8B6082C002FEA00337893 /* GradientTestVC.m */ = {isa = PBXFileReference; lastKnownFileType = sourcecode.c.objc; path = GradientTestVC.m; sourceTree = "<group>"; };
		04BF14CD2C1004ED004D2B14 /* AVPlayerTestVC.h */ = {isa = PBXFileReference; lastKnownFileType = sourcecode.c.h; path = AVPlayerTestVC.h; sourceTree = "<group>"; };
		04BF14CE2C1004ED004D2B14 /* AVPlayerTestVC.m */ = {isa = PBXFileReference; lastKnownFileType = sourcecode.c.objc; path = AVPlayerTestVC.m; sourceTree = "<group>"; };
		04BF14CF2C1004ED004D2B14 /* AVPlayerTestVC.xib */ = {isa = PBXFileReference; lastKnownFileType = file.xib; path = AVPlayerTestVC.xib; sourceTree = "<group>"; };
		04BF14D22C100E5C004D2B14 /* AVPlayerTestVC+other.h */ = {isa = PBXFileReference; lastKnownFileType = sourcecode.c.h; path = "AVPlayerTestVC+other.h"; sourceTree = "<group>"; };
		04BF14D32C100E5C004D2B14 /* AVPlayerTestVC+other.m */ = {isa = PBXFileReference; lastKnownFileType = sourcecode.c.objc; path = "AVPlayerTestVC+other.m"; sourceTree = "<group>"; };
		81083F4427DECEE6002E954F /* LBTableViewHeader.h */ = {isa = PBXFileReference; lastKnownFileType = sourcecode.c.h; path = LBTableViewHeader.h; sourceTree = "<group>"; };
		81083F4527DECEE6002E954F /* LBTableViewHeader.m */ = {isa = PBXFileReference; lastKnownFileType = sourcecode.c.objc; path = LBTableViewHeader.m; sourceTree = "<group>"; };
		81083F4727DED771002E954F /* UIFontSystemVC.h */ = {isa = PBXFileReference; lastKnownFileType = sourcecode.c.h; path = UIFontSystemVC.h; sourceTree = "<group>"; };
		81083F4827DED771002E954F /* UIFontSystemVC.m */ = {isa = PBXFileReference; lastKnownFileType = sourcecode.c.objc; path = UIFontSystemVC.m; sourceTree = "<group>"; };
		81083F4A27DEE3C9002E954F /* SettingFontVC.h */ = {isa = PBXFileReference; lastKnownFileType = sourcecode.c.h; path = SettingFontVC.h; sourceTree = "<group>"; };
		81083F4B27DEE3C9002E954F /* SettingFontVC.m */ = {isa = PBXFileReference; lastKnownFileType = sourcecode.c.objc; path = SettingFontVC.m; sourceTree = "<group>"; };
		81083F5127DF0F75002E954F /* SettingColorVC.h */ = {isa = PBXFileReference; lastKnownFileType = sourcecode.c.h; path = SettingColorVC.h; sourceTree = "<group>"; };
		81083F5227DF0F75002E954F /* SettingColorVC.m */ = {isa = PBXFileReference; lastKnownFileType = sourcecode.c.objc; path = SettingColorVC.m; sourceTree = "<group>"; };
		810C2C5C27DAF67500BFF101 /* SettingVC.h */ = {isa = PBXFileReference; lastKnownFileType = sourcecode.c.h; path = SettingVC.h; sourceTree = "<group>"; };
		810C2C5D27DAF67500BFF101 /* SettingVC.m */ = {isa = PBXFileReference; lastKnownFileType = sourcecode.c.objc; path = SettingVC.m; sourceTree = "<group>"; };
		810C2C5F27DAF74800BFF101 /* SettingKeyVC.h */ = {isa = PBXFileReference; lastKnownFileType = sourcecode.c.h; path = SettingKeyVC.h; sourceTree = "<group>"; };
		810C2C6027DAF74800BFF101 /* SettingKeyVC.m */ = {isa = PBXFileReference; lastKnownFileType = sourcecode.c.objc; path = SettingKeyVC.m; sourceTree = "<group>"; };
		810C2C6227DAF81A00BFF101 /* SettingEnumValueVC.h */ = {isa = PBXFileReference; lastKnownFileType = sourcecode.c.h; path = SettingEnumValueVC.h; sourceTree = "<group>"; };
		810C2C6327DAF81A00BFF101 /* SettingEnumValueVC.m */ = {isa = PBXFileReference; lastKnownFileType = sourcecode.c.objc; path = SettingEnumValueVC.m; sourceTree = "<group>"; };
		810C2C6527DAF88300BFF101 /* PrefixHeader.pch */ = {isa = PBXFileReference; lastKnownFileType = sourcecode.c.h; path = PrefixHeader.pch; sourceTree = "<group>"; };
		810C2C6A27DB34A300BFF101 /* UIFontFamilysVC.h */ = {isa = PBXFileReference; lastKnownFileType = sourcecode.c.h; path = UIFontFamilysVC.h; sourceTree = "<group>"; };
		810C2C6B27DB34A300BFF101 /* UIFontFamilysVC.m */ = {isa = PBXFileReference; lastKnownFileType = sourcecode.c.objc; path = UIFontFamilysVC.m; sourceTree = "<group>"; };
		8115F05527F82D7500D0C547 /* NavigationBarVC.h */ = {isa = PBXFileReference; lastKnownFileType = sourcecode.c.h; path = NavigationBarVC.h; sourceTree = "<group>"; };
		8115F05627F82D7500D0C547 /* NavigationBarVC.m */ = {isa = PBXFileReference; lastKnownFileType = sourcecode.c.objc; path = NavigationBarVC.m; sourceTree = "<group>"; };
		8115F05827F8305100D0C547 /* SettingBoolCell.h */ = {isa = PBXFileReference; lastKnownFileType = sourcecode.c.h; path = SettingBoolCell.h; sourceTree = "<group>"; };
		8115F05927F8305100D0C547 /* SettingBoolCell.m */ = {isa = PBXFileReference; lastKnownFileType = sourcecode.c.objc; path = SettingBoolCell.m; sourceTree = "<group>"; };
		8115F05B27FD2E8600D0C547 /* CustomTitleView.h */ = {isa = PBXFileReference; lastKnownFileType = sourcecode.c.h; path = CustomTitleView.h; sourceTree = "<group>"; };
		8115F05C27FD2E8600D0C547 /* CustomTitleView.m */ = {isa = PBXFileReference; lastKnownFileType = sourcecode.c.objc; path = CustomTitleView.m; sourceTree = "<group>"; };
		8115F05F27FD341500D0C547 /* NavigationItemVC.h */ = {isa = PBXFileReference; lastKnownFileType = sourcecode.c.h; path = NavigationItemVC.h; sourceTree = "<group>"; };
		8115F06027FD341500D0C547 /* NavigationItemVC.m */ = {isa = PBXFileReference; lastKnownFileType = sourcecode.c.objc; path = NavigationItemVC.m; sourceTree = "<group>"; };
		812CCA79280524D00054E3A4 /* ShadowTestVC.h */ = {isa = PBXFileReference; lastKnownFileType = sourcecode.c.h; path = ShadowTestVC.h; sourceTree = "<group>"; };
		812CCA7A280524D00054E3A4 /* ShadowTestVC.m */ = {isa = PBXFileReference; lastKnownFileType = sourcecode.c.objc; path = ShadowTestVC.m; sourceTree = "<group>"; };
		8140182B27FE6F9300E66298 /* TabBarPreviewVC.h */ = {isa = PBXFileReference; lastKnownFileType = sourcecode.c.h; path = TabBarPreviewVC.h; sourceTree = "<group>"; };
		8140182C27FE6F9300E66298 /* TabBarPreviewVC.m */ = {isa = PBXFileReference; lastKnownFileType = sourcecode.c.objc; path = TabBarPreviewVC.m; sourceTree = "<group>"; };
		8140182E27FE70BD00E66298 /* TabBarDemoVC.h */ = {isa = PBXFileReference; lastKnownFileType = sourcecode.c.h; path = TabBarDemoVC.h; sourceTree = "<group>"; };
		8140182F27FE70BD00E66298 /* TabBarDemoVC.m */ = {isa = PBXFileReference; lastKnownFileType = sourcecode.c.objc; path = TabBarDemoVC.m; sourceTree = "<group>"; };
		8140183227FEAD7D00E66298 /* Quart2DVC.h */ = {isa = PBXFileReference; lastKnownFileType = sourcecode.c.h; path = Quart2DVC.h; sourceTree = "<group>"; };
		8140183327FEAD7D00E66298 /* Quart2DVC.m */ = {isa = PBXFileReference; lastKnownFileType = sourcecode.c.objc; path = Quart2DVC.m; sourceTree = "<group>"; };
		8140183527FEAE7500E66298 /* Quart2DTestView.h */ = {isa = PBXFileReference; lastKnownFileType = sourcecode.c.h; path = Quart2DTestView.h; sourceTree = "<group>"; };
		8140183627FEAE7500E66298 /* Quart2DTestView.m */ = {isa = PBXFileReference; lastKnownFileType = sourcecode.c.objc; path = Quart2DTestView.m; sourceTree = "<group>"; };
		8172213D27DAEF2D0041E39D /* UIKitPreviewNote.app */ = {isa = PBXFileReference; explicitFileType = wrapper.application; includeInIndex = 0; path = UIKitPreviewNote.app; sourceTree = BUILT_PRODUCTS_DIR; };
		8172214027DAEF2D0041E39D /* AppDelegate.h */ = {isa = PBXFileReference; lastKnownFileType = sourcecode.c.h; path = AppDelegate.h; sourceTree = "<group>"; };
		8172214127DAEF2D0041E39D /* AppDelegate.m */ = {isa = PBXFileReference; lastKnownFileType = sourcecode.c.objc; path = AppDelegate.m; sourceTree = "<group>"; };
		8172214627DAEF2D0041E39D /* ViewController.h */ = {isa = PBXFileReference; lastKnownFileType = sourcecode.c.h; path = ViewController.h; sourceTree = "<group>"; };
		8172214727DAEF2D0041E39D /* ViewController.m */ = {isa = PBXFileReference; lastKnownFileType = sourcecode.c.objc; path = ViewController.m; sourceTree = "<group>"; };
		8172214A27DAEF2D0041E39D /* Base */ = {isa = PBXFileReference; lastKnownFileType = file.storyboard; name = Base; path = Base.lproj/Main.storyboard; sourceTree = "<group>"; };
		8172214C27DAEF2E0041E39D /* Assets.xcassets */ = {isa = PBXFileReference; lastKnownFileType = folder.assetcatalog; path = Assets.xcassets; sourceTree = "<group>"; };
		8172214F27DAEF2E0041E39D /* Base */ = {isa = PBXFileReference; lastKnownFileType = file.storyboard; name = Base; path = Base.lproj/LaunchScreen.storyboard; sourceTree = "<group>"; };
		8172215127DAEF2E0041E39D /* Info.plist */ = {isa = PBXFileReference; lastKnownFileType = text.plist.xml; path = Info.plist; sourceTree = "<group>"; };
		8172215227DAEF2E0041E39D /* main.m */ = {isa = PBXFileReference; lastKnownFileType = sourcecode.c.objc; path = main.m; sourceTree = "<group>"; };
		8172216427DAF3040041E39D /* UILabelVC.h */ = {isa = PBXFileReference; lastKnownFileType = sourcecode.c.h; path = UILabelVC.h; sourceTree = "<group>"; };
		8172216527DAF3040041E39D /* UILabelVC.m */ = {isa = PBXFileReference; lastKnownFileType = sourcecode.c.objc; path = UILabelVC.m; sourceTree = "<group>"; };
		817799B327E99D4B00BB90F3 /* NSAttributeStringVC.h */ = {isa = PBXFileReference; lastKnownFileType = sourcecode.c.h; path = NSAttributeStringVC.h; sourceTree = "<group>"; };
		817799B427E99D4B00BB90F3 /* NSAttributeStringVC.m */ = {isa = PBXFileReference; lastKnownFileType = sourcecode.c.objc; path = NSAttributeStringVC.m; sourceTree = "<group>"; };
		8179D0D627E1C93A0091D862 /* SettingNumCell.h */ = {isa = PBXFileReference; lastKnownFileType = sourcecode.c.h; path = SettingNumCell.h; sourceTree = "<group>"; };
		8179D0D727E1C93A0091D862 /* SettingNumCell.m */ = {isa = PBXFileReference; lastKnownFileType = sourcecode.c.objc; path = SettingNumCell.m; sourceTree = "<group>"; };
		818595A028066B25002227A1 /* ViewTransitionAnimVC.h */ = {isa = PBXFileReference; lastKnownFileType = sourcecode.c.h; path = ViewTransitionAnimVC.h; sourceTree = "<group>"; };
		818595A128066B25002227A1 /* ViewTransitionAnimVC.m */ = {isa = PBXFileReference; lastKnownFileType = sourcecode.c.objc; path = ViewTransitionAnimVC.m; sourceTree = "<group>"; };
		818595A328066D1B002227A1 /* ViewTransitionView.h */ = {isa = PBXFileReference; lastKnownFileType = sourcecode.c.h; path = ViewTransitionView.h; sourceTree = "<group>"; };
		818595A428066D1B002227A1 /* ViewTransitionView.m */ = {isa = PBXFileReference; lastKnownFileType = sourcecode.c.objc; path = ViewTransitionView.m; sourceTree = "<group>"; };
		81AFBCEE280556A20071BF8C /* SearchControllerTestVC.h */ = {isa = PBXFileReference; lastKnownFileType = sourcecode.c.h; path = SearchControllerTestVC.h; sourceTree = "<group>"; };
		81AFBCEF280556A20071BF8C /* SearchControllerTestVC.m */ = {isa = PBXFileReference; lastKnownFileType = sourcecode.c.objc; path = SearchControllerTestVC.m; sourceTree = "<group>"; };
		81AFBCF12805574A0071BF8C /* SearchResultVC.h */ = {isa = PBXFileReference; lastKnownFileType = sourcecode.c.h; path = SearchResultVC.h; sourceTree = "<group>"; };
		81AFBCF22805574A0071BF8C /* SearchResultVC.m */ = {isa = PBXFileReference; lastKnownFileType = sourcecode.c.objc; path = SearchResultVC.m; sourceTree = "<group>"; };
		81BC1F7727ED5D0800A8AFCF /* UICollectionVC.h */ = {isa = PBXFileReference; lastKnownFileType = sourcecode.c.h; path = UICollectionVC.h; sourceTree = "<group>"; };
		81BC1F7827ED5D0800A8AFCF /* UICollectionVC.m */ = {isa = PBXFileReference; lastKnownFileType = sourcecode.c.objc; path = UICollectionVC.m; sourceTree = "<group>"; };
		81BC1F7A27ED5EA300A8AFCF /* MyCollectionViewCell.h */ = {isa = PBXFileReference; lastKnownFileType = sourcecode.c.h; path = MyCollectionViewCell.h; sourceTree = "<group>"; };
		81BC1F7B27ED5EA300A8AFCF /* MyCollectionViewCell.m */ = {isa = PBXFileReference; lastKnownFileType = sourcecode.c.objc; path = MyCollectionViewCell.m; sourceTree = "<group>"; };
		81BC1F7D27ED66B300A8AFCF /* MyCollectionViewFlowLayout.h */ = {isa = PBXFileReference; lastKnownFileType = sourcecode.c.h; path = MyCollectionViewFlowLayout.h; sourceTree = "<group>"; };
		81BC1F7E27ED66B300A8AFCF /* MyCollectionViewFlowLayout.m */ = {isa = PBXFileReference; lastKnownFileType = sourcecode.c.objc; path = MyCollectionViewFlowLayout.m; sourceTree = "<group>"; };
		81D7DF61280FAA9100AD2FCA /* UIView+YHLongPressDrag.h */ = {isa = PBXFileReference; lastKnownFileType = sourcecode.c.h; path = "UIView+YHLongPressDrag.h"; sourceTree = "<group>"; };
		81D7DF62280FAA9100AD2FCA /* UIView+YHLongPressDrag.m */ = {isa = PBXFileReference; lastKnownFileType = sourcecode.c.objc; path = "UIView+YHLongPressDrag.m"; sourceTree = "<group>"; };
		81E5CBF1280E45A900650FD4 /* StackTransitionView.h */ = {isa = PBXFileReference; lastKnownFileType = sourcecode.c.h; path = StackTransitionView.h; sourceTree = "<group>"; };
		81E5CBF2280E45A900650FD4 /* StackTransitionView.m */ = {isa = PBXFileReference; lastKnownFileType = sourcecode.c.objc; path = StackTransitionView.m; sourceTree = "<group>"; };
		81E5CBF9280E4EEB00650FD4 /* StackMovTestVC.h */ = {isa = PBXFileReference; lastKnownFileType = sourcecode.c.h; path = StackMovTestVC.h; sourceTree = "<group>"; };
		81E5CBFA280E4EEB00650FD4 /* StackMovTestVC.m */ = {isa = PBXFileReference; lastKnownFileType = sourcecode.c.objc; path = StackMovTestVC.m; sourceTree = "<group>"; };
		81E5CBFC280E4F8800650FD4 /* YHDragSortGridView.h */ = {isa = PBXFileReference; lastKnownFileType = sourcecode.c.h; path = YHDragSortGridView.h; sourceTree = "<group>"; };
		81E5CBFD280E4F8800650FD4 /* YHDragSortGridView.m */ = {isa = PBXFileReference; lastKnownFileType = sourcecode.c.objc; path = YHDragSortGridView.m; sourceTree = "<group>"; };
		81E5CBFF280E5AE500650FD4 /* MovItemView.h */ = {isa = PBXFileReference; lastKnownFileType = sourcecode.c.h; path = MovItemView.h; sourceTree = "<group>"; };
		81E5CC00280E5AE500650FD4 /* MovItemView.m */ = {isa = PBXFileReference; lastKnownFileType = sourcecode.c.objc; path = MovItemView.m; sourceTree = "<group>"; };
		81E5CC02280E64C400650FD4 /* YHLongPressDragGestureRecognizer.h */ = {isa = PBXFileReference; lastKnownFileType = sourcecode.c.h; path = YHLongPressDragGestureRecognizer.h; sourceTree = "<group>"; };
		81E5CC03280E64C400650FD4 /* YHLongPressDragGestureRecognizer.m */ = {isa = PBXFileReference; lastKnownFileType = sourcecode.c.objc; path = YHLongPressDragGestureRecognizer.m; sourceTree = "<group>"; };
		81E5CC08280EB3B800650FD4 /* YHDragSortBaseView.h */ = {isa = PBXFileReference; lastKnownFileType = sourcecode.c.h; path = YHDragSortBaseView.h; sourceTree = "<group>"; };
		81E5CC09280EB3B800650FD4 /* YHDragSortBaseView.m */ = {isa = PBXFileReference; lastKnownFileType = sourcecode.c.objc; path = YHDragSortBaseView.m; sourceTree = "<group>"; };
		81FE0D9C27FD75F800668DB2 /* SettingClickCell.h */ = {isa = PBXFileReference; lastKnownFileType = sourcecode.c.h; path = SettingClickCell.h; sourceTree = "<group>"; };
		81FE0D9D27FD75F800668DB2 /* SettingClickCell.m */ = {isa = PBXFileReference; lastKnownFileType = sourcecode.c.objc; path = SettingClickCell.m; sourceTree = "<group>"; };
		8449B5B7BA89E0646AC3D9F9 /* Pods-UIKitPreviewNote.debug.xcconfig */ = {isa = PBXFileReference; includeInIndex = 1; lastKnownFileType = text.xcconfig; name = "Pods-UIKitPreviewNote.debug.xcconfig"; path = "Target Support Files/Pods-UIKitPreviewNote/Pods-UIKitPreviewNote.debug.xcconfig"; sourceTree = "<group>"; };
		AB148B7B854771E2B4C90104 /* Pods-UIKitPreviewNote.release.xcconfig */ = {isa = PBXFileReference; includeInIndex = 1; lastKnownFileType = text.xcconfig; name = "Pods-UIKitPreviewNote.release.xcconfig"; path = "Target Support Files/Pods-UIKitPreviewNote/Pods-UIKitPreviewNote.release.xcconfig"; sourceTree = "<group>"; };
		CDF48E19C79DF3D3AB414A52 /* Pods_UIKitPreviewNote.framework */ = {isa = PBXFileReference; explicitFileType = wrapper.framework; includeInIndex = 0; path = Pods_UIKitPreviewNote.framework; sourceTree = BUILT_PRODUCTS_DIR; };
/* End PBXFileReference section */

/* Begin PBXFrameworksBuildPhase section */
		8172213A27DAEF2D0041E39D /* Frameworks */ = {
			isa = PBXFrameworksBuildPhase;
			buildActionMask = 2147483647;
			files = (
				55DD647A3D574DC5AED6956D /* Pods_UIKitPreviewNote.framework in Frameworks */,
			);
			runOnlyForDeploymentPostprocessing = 0;
		};
/* End PBXFrameworksBuildPhase section */

/* Begin PBXGroup section */
		04146C682CD35AAF00D26634 /* DrawShapTest */ = {
			isa = PBXGroup;
			children = (
				04146C692CD35AD300D26634 /* DrawShapTestVC.h */,
				04146C6A2CD35AD300D26634 /* DrawShapTestVC.m */,
				04146C6C2CD35CE800D26634 /* DrawShapTestView.h */,
				04146C6D2CD35CE800D26634 /* DrawShapTestView.m */,
				04146C6F2CD35E0D00D26634 /* DrawPointBaseView.h */,
				04146C702CD35E0D00D26634 /* DrawPointBaseView.m */,
				04146C722CD35E4400D26634 /* DrawMoveToPointView.h */,
				04146C732CD35E4400D26634 /* DrawMoveToPointView.m */,
				04146C7B2CD3620000D26634 /* DrawLineToPointView.h */,
				04146C7C2CD3620000D26634 /* DrawLineToPointView.m */,
				04146C7E2CD36D8200D26634 /* DrawAddQuadCurveToPointView.h */,
				04146C7F2CD36D8200D26634 /* DrawAddQuadCurveToPointView.m */,
				04146C782CD35F1F00D26634 /* CheckView.h */,
				04146C792CD35F1F00D26634 /* CheckView.m */,
			);
			path = DrawShapTest;
			sourceTree = "<group>";
		};
		044778DA2A1DAC9900E28B02 /* StretchableImageTest */ = {
			isa = PBXGroup;
			children = (
				044778DB2A1DACB200E28B02 /* StretchableImageTestVC.h */,
				044778DC2A1DACB200E28B02 /* StretchableImageTestVC.m */,
			);
			path = StretchableImageTest;
			sourceTree = "<group>";
		};
		044778DE2A1DB7E000E28B02 /* ResizableImageTest */ = {
			isa = PBXGroup;
			children = (
				044778DF2A1DB7FA00E28B02 /* ResizableImageTestVC.h */,
				044778E02A1DB7FA00E28B02 /* ResizableImageTestVC.m */,
			);
			path = ResizableImageTest;
			sourceTree = "<group>";
		};
		04B8B6062C002FD200337893 /* GradientTest */ = {
			isa = PBXGroup;
			children = (
				04B8B6072C002FEA00337893 /* GradientTestVC.h */,
				04B8B6082C002FEA00337893 /* GradientTestVC.m */,
			);
			path = GradientTest;
			sourceTree = "<group>";
		};
		04BF14CC2C100457004D2B14 /* AVPlayerTest */ = {
			isa = PBXGroup;
			children = (
				04BF14CD2C1004ED004D2B14 /* AVPlayerTestVC.h */,
				04BF14CE2C1004ED004D2B14 /* AVPlayerTestVC.m */,
				04BF14CF2C1004ED004D2B14 /* AVPlayerTestVC.xib */,
				04BF14D22C100E5C004D2B14 /* AVPlayerTestVC+other.h */,
				04BF14D32C100E5C004D2B14 /* AVPlayerTestVC+other.m */,
			);
			path = AVPlayerTest;
			sourceTree = "<group>";
		};
		81083F4327DECEC3002E954F /* View */ = {
			isa = PBXGroup;
			children = (
				81083F4427DECEE6002E954F /* LBTableViewHeader.h */,
				81083F4527DECEE6002E954F /* LBTableViewHeader.m */,
			);
			path = View;
			sourceTree = "<group>";
		};
		810C2C5A27DAF5A600BFF101 /* Preview */ = {
			isa = PBXGroup;
			children = (
				04146C682CD35AAF00D26634 /* DrawShapTest */,
				04BF14CC2C100457004D2B14 /* AVPlayerTest */,
				04B8B6062C002FD200337893 /* GradientTest */,
				044778DE2A1DB7E000E28B02 /* ResizableImageTest */,
				044778DA2A1DAC9900E28B02 /* StretchableImageTest */,
				81E5CBF8280E4ECD00650FD4 /* StackMovTest */,
				8185959F28066B03002227A1 /* ViewTransitionAnim */,
				81AFBCED280556760071BF8C /* UISearchController */,
				8140183127FEAD6300E66298 /* Quart2D */,
				8140182727FE6F4800E66298 /* TabBarController */,
				8115F05E27FD33E700D0C547 /* NavigationItem */,
				8115F05427F82D5800D0C547 /* NavigationBar */,
				81BC1F7627ED5CEB00A8AFCF /* CollectionView */,
				81083F4327DECEC3002E954F /* View */,
				810C2C6927DB348800BFF101 /* Font */,
				8172216427DAF3040041E39D /* UILabelVC.h */,
				8172216527DAF3040041E39D /* UILabelVC.m */,
				817799B327E99D4B00BB90F3 /* NSAttributeStringVC.h */,
				817799B427E99D4B00BB90F3 /* NSAttributeStringVC.m */,
				812CCA79280524D00054E3A4 /* ShadowTestVC.h */,
				812CCA7A280524D00054E3A4 /* ShadowTestVC.m */,
			);
			path = Preview;
			sourceTree = "<group>";
		};
		810C2C5B27DAF60700BFF101 /* Tool */ = {
			isa = PBXGroup;
			children = (
				810C2C5C27DAF67500BFF101 /* SettingVC.h */,
				810C2C5D27DAF67500BFF101 /* SettingVC.m */,
				810C2C5F27DAF74800BFF101 /* SettingKeyVC.h */,
				810C2C6027DAF74800BFF101 /* SettingKeyVC.m */,
				810C2C6227DAF81A00BFF101 /* SettingEnumValueVC.h */,
				810C2C6327DAF81A00BFF101 /* SettingEnumValueVC.m */,
				81083F4A27DEE3C9002E954F /* SettingFontVC.h */,
				81083F4B27DEE3C9002E954F /* SettingFontVC.m */,
				81083F5127DF0F75002E954F /* SettingColorVC.h */,
				81083F5227DF0F75002E954F /* SettingColorVC.m */,
				8179D0D627E1C93A0091D862 /* SettingNumCell.h */,
				8179D0D727E1C93A0091D862 /* SettingNumCell.m */,
				8115F05827F8305100D0C547 /* SettingBoolCell.h */,
				8115F05927F8305100D0C547 /* SettingBoolCell.m */,
				81FE0D9C27FD75F800668DB2 /* SettingClickCell.h */,
				81FE0D9D27FD75F800668DB2 /* SettingClickCell.m */,
			);
			path = Tool;
			sourceTree = "<group>";
		};
		810C2C6927DB348800BFF101 /* Font */ = {
			isa = PBXGroup;
			children = (
				81083F4727DED771002E954F /* UIFontSystemVC.h */,
				81083F4827DED771002E954F /* UIFontSystemVC.m */,
				810C2C6A27DB34A300BFF101 /* UIFontFamilysVC.h */,
				810C2C6B27DB34A300BFF101 /* UIFontFamilysVC.m */,
			);
			path = Font;
			sourceTree = "<group>";
		};
		8115F05427F82D5800D0C547 /* NavigationBar */ = {
			isa = PBXGroup;
			children = (
				8115F05527F82D7500D0C547 /* NavigationBarVC.h */,
				8115F05627F82D7500D0C547 /* NavigationBarVC.m */,
			);
			path = NavigationBar;
			sourceTree = "<group>";
		};
		8115F05E27FD33E700D0C547 /* NavigationItem */ = {
			isa = PBXGroup;
			children = (
				8115F05B27FD2E8600D0C547 /* CustomTitleView.h */,
				8115F05C27FD2E8600D0C547 /* CustomTitleView.m */,
				8115F05F27FD341500D0C547 /* NavigationItemVC.h */,
				8115F06027FD341500D0C547 /* NavigationItemVC.m */,
			);
			path = NavigationItem;
			sourceTree = "<group>";
		};
		8140182727FE6F4800E66298 /* TabBarController */ = {
			isa = PBXGroup;
			children = (
				8140182B27FE6F9300E66298 /* TabBarPreviewVC.h */,
				8140182C27FE6F9300E66298 /* TabBarPreviewVC.m */,
				8140182E27FE70BD00E66298 /* TabBarDemoVC.h */,
				8140182F27FE70BD00E66298 /* TabBarDemoVC.m */,
			);
			path = TabBarController;
			sourceTree = "<group>";
		};
		8140183127FEAD6300E66298 /* Quart2D */ = {
			isa = PBXGroup;
			children = (
				8140183227FEAD7D00E66298 /* Quart2DVC.h */,
				8140183327FEAD7D00E66298 /* Quart2DVC.m */,
				8140183527FEAE7500E66298 /* Quart2DTestView.h */,
				8140183627FEAE7500E66298 /* Quart2DTestView.m */,
			);
			path = Quart2D;
			sourceTree = "<group>";
		};
		8172213427DAEF2D0041E39D = {
			isa = PBXGroup;
			children = (
				8172213F27DAEF2D0041E39D /* UIKitPreviewNote */,
				8172213E27DAEF2D0041E39D /* Products */,
				CDCB567E645793DED671ECDB /* Pods */,
				97632E9EAD8BCAAC20DE20A2 /* Frameworks */,
			);
			sourceTree = "<group>";
		};
		8172213E27DAEF2D0041E39D /* Products */ = {
			isa = PBXGroup;
			children = (
				8172213D27DAEF2D0041E39D /* UIKitPreviewNote.app */,
			);
			name = Products;
			sourceTree = "<group>";
		};
		8172213F27DAEF2D0041E39D /* UIKitPreviewNote */ = {
			isa = PBXGroup;
			children = (
				810C2C5B27DAF60700BFF101 /* Tool */,
				810C2C5A27DAF5A600BFF101 /* Preview */,
				8172214027DAEF2D0041E39D /* AppDelegate.h */,
				8172214127DAEF2D0041E39D /* AppDelegate.m */,
				8172214627DAEF2D0041E39D /* ViewController.h */,
				8172214727DAEF2D0041E39D /* ViewController.m */,
				8172214927DAEF2D0041E39D /* Main.storyboard */,
				8172214C27DAEF2E0041E39D /* Assets.xcassets */,
				8172214E27DAEF2E0041E39D /* LaunchScreen.storyboard */,
				8172215127DAEF2E0041E39D /* Info.plist */,
				8172215227DAEF2E0041E39D /* main.m */,
				810C2C6527DAF88300BFF101 /* PrefixHeader.pch */,
			);
			path = UIKitPreviewNote;
			sourceTree = "<group>";
		};
		8185959F28066B03002227A1 /* ViewTransitionAnim */ = {
			isa = PBXGroup;
			children = (
				818595A028066B25002227A1 /* ViewTransitionAnimVC.h */,
				818595A128066B25002227A1 /* ViewTransitionAnimVC.m */,
				818595A328066D1B002227A1 /* ViewTransitionView.h */,
				818595A428066D1B002227A1 /* ViewTransitionView.m */,
				81E5CBF1280E45A900650FD4 /* StackTransitionView.h */,
				81E5CBF2280E45A900650FD4 /* StackTransitionView.m */,
			);
			path = ViewTransitionAnim;
			sourceTree = "<group>";
		};
		81AFBCED280556760071BF8C /* UISearchController */ = {
			isa = PBXGroup;
			children = (
				81AFBCEE280556A20071BF8C /* SearchControllerTestVC.h */,
				81AFBCEF280556A20071BF8C /* SearchControllerTestVC.m */,
				81AFBCF12805574A0071BF8C /* SearchResultVC.h */,
				81AFBCF22805574A0071BF8C /* SearchResultVC.m */,
			);
			path = UISearchController;
			sourceTree = "<group>";
		};
		81BC1F7627ED5CEB00A8AFCF /* CollectionView */ = {
			isa = PBXGroup;
			children = (
				81BC1F7727ED5D0800A8AFCF /* UICollectionVC.h */,
				81BC1F7827ED5D0800A8AFCF /* UICollectionVC.m */,
				81BC1F7A27ED5EA300A8AFCF /* MyCollectionViewCell.h */,
				81BC1F7B27ED5EA300A8AFCF /* MyCollectionViewCell.m */,
				81BC1F7D27ED66B300A8AFCF /* MyCollectionViewFlowLayout.h */,
				81BC1F7E27ED66B300A8AFCF /* MyCollectionViewFlowLayout.m */,
			);
			path = CollectionView;
			sourceTree = "<group>";
		};
		81E5CBF8280E4ECD00650FD4 /* StackMovTest */ = {
			isa = PBXGroup;
			children = (
				81E5CBF9280E4EEB00650FD4 /* StackMovTestVC.h */,
				81E5CBFA280E4EEB00650FD4 /* StackMovTestVC.m */,
				81E5CBFF280E5AE500650FD4 /* MovItemView.h */,
				81E5CC00280E5AE500650FD4 /* MovItemView.m */,
				81E5CBFC280E4F8800650FD4 /* YHDragSortGridView.h */,
				81E5CBFD280E4F8800650FD4 /* YHDragSortGridView.m */,
				81E5CC02280E64C400650FD4 /* YHLongPressDragGestureRecognizer.h */,
				81E5CC03280E64C400650FD4 /* YHLongPressDragGestureRecognizer.m */,
				81E5CC08280EB3B800650FD4 /* YHDragSortBaseView.h */,
				81E5CC09280EB3B800650FD4 /* YHDragSortBaseView.m */,
				81D7DF61280FAA9100AD2FCA /* UIView+YHLongPressDrag.h */,
				81D7DF62280FAA9100AD2FCA /* UIView+YHLongPressDrag.m */,
			);
			path = StackMovTest;
			sourceTree = "<group>";
		};
		97632E9EAD8BCAAC20DE20A2 /* Frameworks */ = {
			isa = PBXGroup;
			children = (
				CDF48E19C79DF3D3AB414A52 /* Pods_UIKitPreviewNote.framework */,
			);
			name = Frameworks;
			sourceTree = "<group>";
		};
		CDCB567E645793DED671ECDB /* Pods */ = {
			isa = PBXGroup;
			children = (
				8449B5B7BA89E0646AC3D9F9 /* Pods-UIKitPreviewNote.debug.xcconfig */,
				AB148B7B854771E2B4C90104 /* Pods-UIKitPreviewNote.release.xcconfig */,
			);
			path = Pods;
			sourceTree = "<group>";
		};
/* End PBXGroup section */

/* Begin PBXNativeTarget section */
		8172213C27DAEF2D0041E39D /* UIKitPreviewNote */ = {
			isa = PBXNativeTarget;
			buildConfigurationList = 8172215627DAEF2E0041E39D /* Build configuration list for PBXNativeTarget "UIKitPreviewNote" */;
			buildPhases = (
				EBE25A358AC32A78E7EFD2C6 /* [CP] Check Pods Manifest.lock */,
				8172213927DAEF2D0041E39D /* Sources */,
				8172213A27DAEF2D0041E39D /* Frameworks */,
				8172213B27DAEF2D0041E39D /* Resources */,
				51F9B54DBC8AF74203BB7F32 /* [CP] Embed Pods Frameworks */,
			);
			buildRules = (
			);
			dependencies = (
			);
			name = UIKitPreviewNote;
			productName = UIKitPreviewNote;
			productReference = 8172213D27DAEF2D0041E39D /* UIKitPreviewNote.app */;
			productType = "com.apple.product-type.application";
		};
/* End PBXNativeTarget section */

/* Begin PBXProject section */
		8172213527DAEF2D0041E39D /* Project object */ = {
			isa = PBXProject;
			attributes = {
				BuildIndependentTargetsInParallel = 1;
				LastUpgradeCheck = 1320;
				TargetAttributes = {
					8172213C27DAEF2D0041E39D = {
						CreatedOnToolsVersion = 13.2.1;
					};
				};
			};
			buildConfigurationList = 8172213827DAEF2D0041E39D /* Build configuration list for PBXProject "UIKitPreviewNote" */;
			compatibilityVersion = "Xcode 13.0";
			developmentRegion = en;
			hasScannedForEncodings = 0;
			knownRegions = (
				en,
				Base,
			);
			mainGroup = 8172213427DAEF2D0041E39D;
			productRefGroup = 8172213E27DAEF2D0041E39D /* Products */;
			projectDirPath = "";
			projectRoot = "";
			targets = (
				8172213C27DAEF2D0041E39D /* UIKitPreviewNote */,
			);
		};
/* End PBXProject section */

/* Begin PBXResourcesBuildPhase section */
		8172213B27DAEF2D0041E39D /* Resources */ = {
			isa = PBXResourcesBuildPhase;
			buildActionMask = 2147483647;
			files = (
				04BF14D02C1004ED004D2B14 /* AVPlayerTestVC.xib in Resources */,
				8172215027DAEF2E0041E39D /* LaunchScreen.storyboard in Resources */,
				8172214D27DAEF2E0041E39D /* Assets.xcassets in Resources */,
				8172214B27DAEF2D0041E39D /* Main.storyboard in Resources */,
			);
			runOnlyForDeploymentPostprocessing = 0;
		};
/* End PBXResourcesBuildPhase section */

/* Begin PBXShellScriptBuildPhase section */
		51F9B54DBC8AF74203BB7F32 /* [CP] Embed Pods Frameworks */ = {
			isa = PBXShellScriptBuildPhase;
			buildActionMask = 2147483647;
			files = (
			);
			inputFileListPaths = (
				"${PODS_ROOT}/Target Support Files/Pods-UIKitPreviewNote/Pods-UIKitPreviewNote-frameworks-${CONFIGURATION}-input-files.xcfilelist",
			);
			name = "[CP] Embed Pods Frameworks";
			outputFileListPaths = (
				"${PODS_ROOT}/Target Support Files/Pods-UIKitPreviewNote/Pods-UIKitPreviewNote-frameworks-${CONFIGURATION}-output-files.xcfilelist",
			);
			runOnlyForDeploymentPostprocessing = 0;
			shellPath = /bin/sh;
			shellScript = "\"${PODS_ROOT}/Target Support Files/Pods-UIKitPreviewNote/Pods-UIKitPreviewNote-frameworks.sh\"\n";
			showEnvVarsInLog = 0;
		};
		EBE25A358AC32A78E7EFD2C6 /* [CP] Check Pods Manifest.lock */ = {
			isa = PBXShellScriptBuildPhase;
			buildActionMask = 2147483647;
			files = (
			);
			inputFileListPaths = (
			);
			inputPaths = (
				"${PODS_PODFILE_DIR_PATH}/Podfile.lock",
				"${PODS_ROOT}/Manifest.lock",
			);
			name = "[CP] Check Pods Manifest.lock";
			outputFileListPaths = (
			);
			outputPaths = (
				"$(DERIVED_FILE_DIR)/Pods-UIKitPreviewNote-checkManifestLockResult.txt",
			);
			runOnlyForDeploymentPostprocessing = 0;
			shellPath = /bin/sh;
			shellScript = "diff \"${PODS_PODFILE_DIR_PATH}/Podfile.lock\" \"${PODS_ROOT}/Manifest.lock\" > /dev/null\nif [ $? != 0 ] ; then\n    # print error to STDERR\n    echo \"error: The sandbox is not in sync with the Podfile.lock. Run 'pod install' or update your CocoaPods installation.\" >&2\n    exit 1\nfi\n# This output is used by Xcode 'outputs' to avoid re-running this script phase.\necho \"SUCCESS\" > \"${SCRIPT_OUTPUT_FILE_0}\"\n";
			showEnvVarsInLog = 0;
		};
/* End PBXShellScriptBuildPhase section */

/* Begin PBXSourcesBuildPhase section */
		8172213927DAEF2D0041E39D /* Sources */ = {
			isa = PBXSourcesBuildPhase;
			buildActionMask = 2147483647;
			files = (
				81E5CC04280E64C400650FD4 /* YHLongPressDragGestureRecognizer.m in Sources */,
				8115F05D27FD2E8600D0C547 /* CustomTitleView.m in Sources */,
				04146C7A2CD35F1F00D26634 /* CheckView.m in Sources */,
				810C2C5E27DAF67500BFF101 /* SettingVC.m in Sources */,
				810C2C6427DAF81A00BFF101 /* SettingEnumValueVC.m in Sources */,
				8140183027FE70BD00E66298 /* TabBarDemoVC.m in Sources */,
				8115F05A27F8305100D0C547 /* SettingBoolCell.m in Sources */,
				8172216727DAF3040041E39D /* UILabelVC.m in Sources */,
				81BC1F7F27ED66B300A8AFCF /* MyCollectionViewFlowLayout.m in Sources */,
				818595A228066B25002227A1 /* ViewTransitionAnimVC.m in Sources */,
				04146C742CD35E4400D26634 /* DrawMoveToPointView.m in Sources */,
				04B8B6092C002FEA00337893 /* GradientTestVC.m in Sources */,
				81E5CC0A280EB3B800650FD4 /* YHDragSortBaseView.m in Sources */,
				81083F5327DF0F75002E954F /* SettingColorVC.m in Sources */,
				8179D0D827E1C93A0091D862 /* SettingNumCell.m in Sources */,
				8140182D27FE6F9300E66298 /* TabBarPreviewVC.m in Sources */,
				81AFBCF32805574A0071BF8C /* SearchResultVC.m in Sources */,
				81E5CBF3280E45A900650FD4 /* StackTransitionView.m in Sources */,
				044778DD2A1DACB200E28B02 /* StretchableImageTestVC.m in Sources */,
				04146C802CD36D8200D26634 /* DrawAddQuadCurveToPointView.m in Sources */,
				8115F05727F82D7500D0C547 /* NavigationBarVC.m in Sources */,
				81FE0D9E27FD75F800668DB2 /* SettingClickCell.m in Sources */,
				8172214827DAEF2D0041E39D /* ViewController.m in Sources */,
				04BF14D12C1004ED004D2B14 /* AVPlayerTestVC.m in Sources */,
				81083F4927DED771002E954F /* UIFontSystemVC.m in Sources */,
				812CCA7B280524D00054E3A4 /* ShadowTestVC.m in Sources */,
				8140183727FEAE7500E66298 /* Quart2DTestView.m in Sources */,
				04146C7D2CD3620000D26634 /* DrawLineToPointView.m in Sources */,
				044778E12A1DB7FA00E28B02 /* ResizableImageTestVC.m in Sources */,
				817799B527E99D4B00BB90F3 /* NSAttributeStringVC.m in Sources */,
				04146C712CD35E0D00D26634 /* DrawPointBaseView.m in Sources */,
				8140183427FEAD7D00E66298 /* Quart2DVC.m in Sources */,
				8115F06127FD341500D0C547 /* NavigationItemVC.m in Sources */,
				810C2C6C27DB34A300BFF101 /* UIFontFamilysVC.m in Sources */,
				8172214227DAEF2D0041E39D /* AppDelegate.m in Sources */,
				04146C6E2CD35CE800D26634 /* DrawShapTestView.m in Sources */,
				04BF14D42C100E5C004D2B14 /* AVPlayerTestVC+other.m in Sources */,
				818595A528066D1B002227A1 /* ViewTransitionView.m in Sources */,
				81D7DF63280FAA9100AD2FCA /* UIView+YHLongPressDrag.m in Sources */,
				81E5CBFB280E4EEB00650FD4 /* StackMovTestVC.m in Sources */,
				81BC1F7927ED5D0800A8AFCF /* UICollectionVC.m in Sources */,
				81083F4C27DEE3C9002E954F /* SettingFontVC.m in Sources */,
				81E5CBFE280E4F8800650FD4 /* YHDragSortGridView.m in Sources */,
				8172215327DAEF2E0041E39D /* main.m in Sources */,
				81083F4627DECEE6002E954F /* LBTableViewHeader.m in Sources */,
				81BC1F7C27ED5EA400A8AFCF /* MyCollectionViewCell.m in Sources */,
				81E5CC01280E5AE500650FD4 /* MovItemView.m in Sources */,
				81AFBCF0280556A20071BF8C /* SearchControllerTestVC.m in Sources */,
				04146C6B2CD35AD300D26634 /* DrawShapTestVC.m in Sources */,
				810C2C6127DAF74800BFF101 /* SettingKeyVC.m in Sources */,
			);
			runOnlyForDeploymentPostprocessing = 0;
		};
/* End PBXSourcesBuildPhase section */

/* Begin PBXVariantGroup section */
		8172214927DAEF2D0041E39D /* Main.storyboard */ = {
			isa = PBXVariantGroup;
			children = (
				8172214A27DAEF2D0041E39D /* Base */,
			);
			name = Main.storyboard;
			sourceTree = "<group>";
		};
		8172214E27DAEF2E0041E39D /* LaunchScreen.storyboard */ = {
			isa = PBXVariantGroup;
			children = (
				8172214F27DAEF2E0041E39D /* Base */,
			);
			name = LaunchScreen.storyboard;
			sourceTree = "<group>";
		};
/* End PBXVariantGroup section */

/* Begin XCBuildConfiguration section */
		8172215427DAEF2E0041E39D /* Debug */ = {
			isa = XCBuildConfiguration;
			buildSettings = {
				ALWAYS_SEARCH_USER_PATHS = NO;
				CLANG_ANALYZER_NONNULL = YES;
				CLANG_ANALYZER_NUMBER_OBJECT_CONVERSION = YES_AGGRESSIVE;
				CLANG_CXX_LANGUAGE_STANDARD = "gnu++17";
				CLANG_CXX_LIBRARY = "libc++";
				CLANG_ENABLE_MODULES = YES;
				CLANG_ENABLE_OBJC_ARC = YES;
				CLANG_ENABLE_OBJC_WEAK = YES;
				CLANG_WARN_BLOCK_CAPTURE_AUTORELEASING = YES;
				CLANG_WARN_BOOL_CONVERSION = YES;
				CLANG_WARN_COMMA = YES;
				CLANG_WARN_CONSTANT_CONVERSION = YES;
				CLANG_WARN_DEPRECATED_OBJC_IMPLEMENTATIONS = YES;
				CLANG_WARN_DIRECT_OBJC_ISA_USAGE = YES_ERROR;
				CLANG_WARN_DOCUMENTATION_COMMENTS = YES;
				CLANG_WARN_EMPTY_BODY = YES;
				CLANG_WARN_ENUM_CONVERSION = YES;
				CLANG_WARN_INFINITE_RECURSION = YES;
				CLANG_WARN_INT_CONVERSION = YES;
				CLANG_WARN_NON_LITERAL_NULL_CONVERSION = YES;
				CLANG_WARN_OBJC_IMPLICIT_RETAIN_SELF = YES;
				CLANG_WARN_OBJC_LITERAL_CONVERSION = YES;
				CLANG_WARN_OBJC_ROOT_CLASS = YES_ERROR;
				CLANG_WARN_QUOTED_INCLUDE_IN_FRAMEWORK_HEADER = YES;
				CLANG_WARN_RANGE_LOOP_ANALYSIS = YES;
				CLANG_WARN_STRICT_PROTOTYPES = YES;
				CLANG_WARN_SUSPICIOUS_MOVE = YES;
				CLANG_WARN_UNGUARDED_AVAILABILITY = YES_AGGRESSIVE;
				CLANG_WARN_UNREACHABLE_CODE = YES;
				CLANG_WARN__DUPLICATE_METHOD_MATCH = YES;
				COPY_PHASE_STRIP = NO;
				DEBUG_INFORMATION_FORMAT = dwarf;
				ENABLE_STRICT_OBJC_MSGSEND = YES;
				ENABLE_TESTABILITY = YES;
				GCC_C_LANGUAGE_STANDARD = gnu11;
				GCC_DYNAMIC_NO_PIC = NO;
				GCC_NO_COMMON_BLOCKS = YES;
				GCC_OPTIMIZATION_LEVEL = 0;
				GCC_PREPROCESSOR_DEFINITIONS = (
					"DEBUG=1",
					"$(inherited)",
				);
				GCC_WARN_64_TO_32_BIT_CONVERSION = YES;
				GCC_WARN_ABOUT_RETURN_TYPE = YES_ERROR;
				GCC_WARN_UNDECLARED_SELECTOR = YES;
				GCC_WARN_UNINITIALIZED_AUTOS = YES_AGGRESSIVE;
				GCC_WARN_UNUSED_FUNCTION = YES;
				GCC_WARN_UNUSED_VARIABLE = YES;
				IPHONEOS_DEPLOYMENT_TARGET = 15.2;
				MTL_ENABLE_DEBUG_INFO = INCLUDE_SOURCE;
				MTL_FAST_MATH = YES;
				ONLY_ACTIVE_ARCH = YES;
				SDKROOT = iphoneos;
			};
			name = Debug;
		};
		8172215527DAEF2E0041E39D /* Release */ = {
			isa = XCBuildConfiguration;
			buildSettings = {
				ALWAYS_SEARCH_USER_PATHS = NO;
				CLANG_ANALYZER_NONNULL = YES;
				CLANG_ANALYZER_NUMBER_OBJECT_CONVERSION = YES_AGGRESSIVE;
				CLANG_CXX_LANGUAGE_STANDARD = "gnu++17";
				CLANG_CXX_LIBRARY = "libc++";
				CLANG_ENABLE_MODULES = YES;
				CLANG_ENABLE_OBJC_ARC = YES;
				CLANG_ENABLE_OBJC_WEAK = YES;
				CLANG_WARN_BLOCK_CAPTURE_AUTORELEASING = YES;
				CLANG_WARN_BOOL_CONVERSION = YES;
				CLANG_WARN_COMMA = YES;
				CLANG_WARN_CONSTANT_CONVERSION = YES;
				CLANG_WARN_DEPRECATED_OBJC_IMPLEMENTATIONS = YES;
				CLANG_WARN_DIRECT_OBJC_ISA_USAGE = YES_ERROR;
				CLANG_WARN_DOCUMENTATION_COMMENTS = YES;
				CLANG_WARN_EMPTY_BODY = YES;
				CLANG_WARN_ENUM_CONVERSION = YES;
				CLANG_WARN_INFINITE_RECURSION = YES;
				CLANG_WARN_INT_CONVERSION = YES;
				CLANG_WARN_NON_LITERAL_NULL_CONVERSION = YES;
				CLANG_WARN_OBJC_IMPLICIT_RETAIN_SELF = YES;
				CLANG_WARN_OBJC_LITERAL_CONVERSION = YES;
				CLANG_WARN_OBJC_ROOT_CLASS = YES_ERROR;
				CLANG_WARN_QUOTED_INCLUDE_IN_FRAMEWORK_HEADER = YES;
				CLANG_WARN_RANGE_LOOP_ANALYSIS = YES;
				CLANG_WARN_STRICT_PROTOTYPES = YES;
				CLANG_WARN_SUSPICIOUS_MOVE = YES;
				CLANG_WARN_UNGUARDED_AVAILABILITY = YES_AGGRESSIVE;
				CLANG_WARN_UNREACHABLE_CODE = YES;
				CLANG_WARN__DUPLICATE_METHOD_MATCH = YES;
				COPY_PHASE_STRIP = NO;
				DEBUG_INFORMATION_FORMAT = "dwarf-with-dsym";
				ENABLE_NS_ASSERTIONS = NO;
				ENABLE_STRICT_OBJC_MSGSEND = YES;
				GCC_C_LANGUAGE_STANDARD = gnu11;
				GCC_NO_COMMON_BLOCKS = YES;
				GCC_WARN_64_TO_32_BIT_CONVERSION = YES;
				GCC_WARN_ABOUT_RETURN_TYPE = YES_ERROR;
				GCC_WARN_UNDECLARED_SELECTOR = YES;
				GCC_WARN_UNINITIALIZED_AUTOS = YES_AGGRESSIVE;
				GCC_WARN_UNUSED_FUNCTION = YES;
				GCC_WARN_UNUSED_VARIABLE = YES;
				IPHONEOS_DEPLOYMENT_TARGET = 15.2;
				MTL_ENABLE_DEBUG_INFO = NO;
				MTL_FAST_MATH = YES;
				SDKROOT = iphoneos;
				VALIDATE_PRODUCT = YES;
			};
			name = Release;
		};
		8172215727DAEF2E0041E39D /* Debug */ = {
			isa = XCBuildConfiguration;
			baseConfigurationReference = 8449B5B7BA89E0646AC3D9F9 /* Pods-UIKitPreviewNote.debug.xcconfig */;
			buildSettings = {
				ASSETCATALOG_COMPILER_APPICON_NAME = AppIcon;
				ASSETCATALOG_COMPILER_GLOBAL_ACCENT_COLOR_NAME = AccentColor;
				CODE_SIGN_STYLE = Automatic;
				CURRENT_PROJECT_VERSION = 1;
				DEVELOPMENT_TEAM = XHZCHX5E66;
				GCC_PRECOMPILE_PREFIX_HEADER = YES;
				GCC_PREFIX_HEADER = $SRCROOT/UIKitPreviewNote/PrefixHeader.pch;
				GENERATE_INFOPLIST_FILE = YES;
				INFOPLIST_FILE = UIKitPreviewNote/Info.plist;
				INFOPLIST_KEY_UIApplicationSupportsIndirectInputEvents = YES;
				INFOPLIST_KEY_UILaunchStoryboardName = LaunchScreen;
				INFOPLIST_KEY_UIMainStoryboardFile = Main;
				INFOPLIST_KEY_UISupportedInterfaceOrientations_iPad = "UIInterfaceOrientationPortrait UIInterfaceOrientationPortraitUpsideDown UIInterfaceOrientationLandscapeLeft UIInterfaceOrientationLandscapeRight";
				INFOPLIST_KEY_UISupportedInterfaceOrientations_iPhone = "UIInterfaceOrientationPortrait UIInterfaceOrientationLandscapeLeft UIInterfaceOrientationLandscapeRight";
				IPHONEOS_DEPLOYMENT_TARGET = 9.0;
				LD_RUNPATH_SEARCH_PATHS = (
					"$(inherited)",
					"@executable_path/Frameworks",
				);
				MARKETING_VERSION = 1.0;
				PRODUCT_BUNDLE_IDENTIFIER = com.gengzi.miaocode.test;
				PRODUCT_NAME = "$(TARGET_NAME)";
				SWIFT_EMIT_LOC_STRINGS = YES;
				TARGETED_DEVICE_FAMILY = "1,2";
			};
			name = Debug;
		};
		8172215827DAEF2E0041E39D /* Release */ = {
			isa = XCBuildConfiguration;
			baseConfigurationReference = AB148B7B854771E2B4C90104 /* Pods-UIKitPreviewNote.release.xcconfig */;
			buildSettings = {
				ASSETCATALOG_COMPILER_APPICON_NAME = AppIcon;
				ASSETCATALOG_COMPILER_GLOBAL_ACCENT_COLOR_NAME = AccentColor;
				CODE_SIGN_STYLE = Automatic;
				CURRENT_PROJECT_VERSION = 1;
				DEVELOPMENT_TEAM = XHZCHX5E66;
				GCC_PRECOMPILE_PREFIX_HEADER = YES;
				GCC_PREFIX_HEADER = $SRCROOT/UIKitPreviewNote/PrefixHeader.pch;
				GENERATE_INFOPLIST_FILE = YES;
				INFOPLIST_FILE = UIKitPreviewNote/Info.plist;
				INFOPLIST_KEY_UIApplicationSupportsIndirectInputEvents = YES;
				INFOPLIST_KEY_UILaunchStoryboardName = LaunchScreen;
				INFOPLIST_KEY_UIMainStoryboardFile = Main;
				INFOPLIST_KEY_UISupportedInterfaceOrientations_iPad = "UIInterfaceOrientationPortrait UIInterfaceOrientationPortraitUpsideDown UIInterfaceOrientationLandscapeLeft UIInterfaceOrientationLandscapeRight";
				INFOPLIST_KEY_UISupportedInterfaceOrientations_iPhone = "UIInterfaceOrientationPortrait UIInterfaceOrientationLandscapeLeft UIInterfaceOrientationLandscapeRight";
				IPHONEOS_DEPLOYMENT_TARGET = 9.0;
				LD_RUNPATH_SEARCH_PATHS = (
					"$(inherited)",
					"@executable_path/Frameworks",
				);
				MARKETING_VERSION = 1.0;
				PRODUCT_BUNDLE_IDENTIFIER = com.gengzi.miaocode.test;
				PRODUCT_NAME = "$(TARGET_NAME)";
				SWIFT_EMIT_LOC_STRINGS = YES;
				TARGETED_DEVICE_FAMILY = "1,2";
			};
			name = Release;
		};
/* End XCBuildConfiguration section */

/* Begin XCConfigurationList section */
		8172213827DAEF2D0041E39D /* Build configuration list for PBXProject "UIKitPreviewNote" */ = {
			isa = XCConfigurationList;
			buildConfigurations = (
				8172215427DAEF2E0041E39D /* Debug */,
				8172215527DAEF2E0041E39D /* Release */,
			);
			defaultConfigurationIsVisible = 0;
			defaultConfigurationName = Release;
		};
		8172215627DAEF2E0041E39D /* Build configuration list for PBXNativeTarget "UIKitPreviewNote" */ = {
			isa = XCConfigurationList;
			buildConfigurations = (
				8172215727DAEF2E0041E39D /* Debug */,
				8172215827DAEF2E0041E39D /* Release */,
			);
			defaultConfigurationIsVisible = 0;
			defaultConfigurationName = Release;
		};
/* End XCConfigurationList section */
	};
	rootObject = 8172213527DAEF2D0041E39D /* Project object */;
}
