// !$*UTF8*$!
{
	archiveVersion = 1;
	classes = {
	};
	objectVersion = 55;
	objects = {

/* Begin PBXBuildFile section */
		55DD647A3D574DC5AED6956D /* Pods_UIKitPreviewNote.framework in Frameworks */ = {isa = PBXBuildFile; fileRef = CDF48E19C79DF3D3AB414A52 /* Pods_UIKitPreviewNote.framework */; };
		81083F4627DECEE6002E954F /* LBTableViewHeader.m in Sources */ = {isa = PBXBuildFile; fileRef = 81083F4527DECEE6002E954F /* LBTableViewHeader.m */; };
		81083F4927DED771002E954F /* UIFontSystemVC.m in Sources */ = {isa = PBXBuildFile; fileRef = 81083F4827DED771002E954F /* UIFontSystemVC.m */; };
		81083F4C27DEE3C9002E954F /* SettingFontVC.m in Sources */ = {isa = PBXBuildFile; fileRef = 81083F4B27DEE3C9002E954F /* SettingFontVC.m */; };
		81083F5327DF0F75002E954F /* SettingColorVC.m in Sources */ = {isa = PBXBuildFile; fileRef = 81083F5227DF0F75002E954F /* SettingColorVC.m */; };
		810C2C5E27DAF67500BFF101 /* SettingVC.m in Sources */ = {isa = PBXBuildFile; fileRef = 810C2C5D27DAF67500BFF101 /* SettingVC.m */; };
		810C2C6127DAF74800BFF101 /* SettingKeyVC.m in Sources */ = {isa = PBXBuildFile; fileRef = 810C2C6027DAF74800BFF101 /* SettingKeyVC.m */; };
		810C2C6427DAF81A00BFF101 /* SettingEnumValueVC.m in Sources */ = {isa = PBXBuildFile; fileRef = 810C2C6327DAF81A00BFF101 /* SettingEnumValueVC.m */; };
		810C2C6C27DB34A300BFF101 /* UIFontFamilysVC.m in Sources */ = {isa = PBXBuildFile; fileRef = 810C2C6B27DB34A300BFF101 /* UIFontFamilysVC.m */; };
		810D5D8827F43DE800A80154 /* YHNavigationBaseAnimated.m in Sources */ = {isa = PBXBuildFile; fileRef = 810D5D7C27F43DE700A80154 /* YHNavigationBaseAnimated.m */; };
		810D5D8927F43DE800A80154 /* YHNavigationScaleAnimated.m in Sources */ = {isa = PBXBuildFile; fileRef = 810D5D7E27F43DE700A80154 /* YHNavigationScaleAnimated.m */; };
		810D5D8A27F43DE800A80154 /* YHNavigationFullScreenPopGesture.m in Sources */ = {isa = PBXBuildFile; fileRef = 810D5D7F27F43DE700A80154 /* YHNavigationFullScreenPopGesture.m */; };
		810D5D8B27F43DE800A80154 /* YHNavigationTransitionAnimated.m in Sources */ = {isa = PBXBuildFile; fileRef = 810D5D8027F43DE700A80154 /* YHNavigationTransitionAnimated.m */; };
		810D5D8C27F43DE800A80154 /* YHNavigationDelegateObject.m in Sources */ = {isa = PBXBuildFile; fileRef = 810D5D8127F43DE700A80154 /* YHNavigationDelegateObject.m */; };
		810D5D8D27F43DE800A80154 /* UIViewController+YHNavigation.m in Sources */ = {isa = PBXBuildFile; fileRef = 810D5D8227F43DE700A80154 /* UIViewController+YHNavigation.m */; };
		810D5D8E27F43DE800A80154 /* YHNavigationController.m in Sources */ = {isa = PBXBuildFile; fileRef = 810D5D8527F43DE700A80154 /* YHNavigationController.m */; };
		8172214227DAEF2D0041E39D /* AppDelegate.m in Sources */ = {isa = PBXBuildFile; fileRef = 8172214127DAEF2D0041E39D /* AppDelegate.m */; };
		8172214827DAEF2D0041E39D /* ViewController.m in Sources */ = {isa = PBXBuildFile; fileRef = 8172214727DAEF2D0041E39D /* ViewController.m */; };
		8172214B27DAEF2D0041E39D /* Main.storyboard in Resources */ = {isa = PBXBuildFile; fileRef = 8172214927DAEF2D0041E39D /* Main.storyboard */; };
		8172214D27DAEF2E0041E39D /* Assets.xcassets in Resources */ = {isa = PBXBuildFile; fileRef = 8172214C27DAEF2E0041E39D /* Assets.xcassets */; };
		8172215027DAEF2E0041E39D /* LaunchScreen.storyboard in Resources */ = {isa = PBXBuildFile; fileRef = 8172214E27DAEF2E0041E39D /* LaunchScreen.storyboard */; };
		8172215327DAEF2E0041E39D /* main.m in Sources */ = {isa = PBXBuildFile; fileRef = 8172215227DAEF2E0041E39D /* main.m */; };
		8172216727DAF3040041E39D /* UILabelVC.m in Sources */ = {isa = PBXBuildFile; fileRef = 8172216527DAF3040041E39D /* UILabelVC.m */; };
		817799B527E99D4B00BB90F3 /* NSAttributeStringVC.m in Sources */ = {isa = PBXBuildFile; fileRef = 817799B427E99D4B00BB90F3 /* NSAttributeStringVC.m */; };
		8179D0D827E1C93A0091D862 /* SettingNumCell.m in Sources */ = {isa = PBXBuildFile; fileRef = 8179D0D727E1C93A0091D862 /* SettingNumCell.m */; };
		81BC1F7927ED5D0800A8AFCF /* UICollectionVC.m in Sources */ = {isa = PBXBuildFile; fileRef = 81BC1F7827ED5D0800A8AFCF /* UICollectionVC.m */; };
		81BC1F7C27ED5EA400A8AFCF /* MyCollectionViewCell.m in Sources */ = {isa = PBXBuildFile; fileRef = 81BC1F7B27ED5EA300A8AFCF /* MyCollectionViewCell.m */; };
		81BC1F7F27ED66B300A8AFCF /* MyCollectionViewFlowLayout.m in Sources */ = {isa = PBXBuildFile; fileRef = 81BC1F7E27ED66B300A8AFCF /* MyCollectionViewFlowLayout.m */; };
/* End PBXBuildFile section */

/* Begin PBXFileReference section */
		81083F4427DECEE6002E954F /* LBTableViewHeader.h */ = {isa = PBXFileReference; lastKnownFileType = sourcecode.c.h; path = LBTableViewHeader.h; sourceTree = "<group>"; };
		81083F4527DECEE6002E954F /* LBTableViewHeader.m */ = {isa = PBXFileReference; lastKnownFileType = sourcecode.c.objc; path = LBTableViewHeader.m; sourceTree = "<group>"; };
		81083F4727DED771002E954F /* UIFontSystemVC.h */ = {isa = PBXFileReference; lastKnownFileType = sourcecode.c.h; path = UIFontSystemVC.h; sourceTree = "<group>"; };
		81083F4827DED771002E954F /* UIFontSystemVC.m */ = {isa = PBXFileReference; lastKnownFileType = sourcecode.c.objc; path = UIFontSystemVC.m; sourceTree = "<group>"; };
		81083F4A27DEE3C9002E954F /* SettingFontVC.h */ = {isa = PBXFileReference; lastKnownFileType = sourcecode.c.h; path = SettingFontVC.h; sourceTree = "<group>"; };
		81083F4B27DEE3C9002E954F /* SettingFontVC.m */ = {isa = PBXFileReference; lastKnownFileType = sourcecode.c.objc; path = SettingFontVC.m; sourceTree = "<group>"; };
		81083F5127DF0F75002E954F /* SettingColorVC.h */ = {isa = PBXFileReference; lastKnownFileType = sourcecode.c.h; path = SettingColorVC.h; sourceTree = "<group>"; };
		81083F5227DF0F75002E954F /* SettingColorVC.m */ = {isa = PBXFileReference; lastKnownFileType = sourcecode.c.objc; path = SettingColorVC.m; sourceTree = "<group>"; };
		810C2C5C27DAF67500BFF101 /* SettingVC.h */ = {isa = PBXFileReference; lastKnownFileType = sourcecode.c.h; path = SettingVC.h; sourceTree = "<group>"; };
		810C2C5D27DAF67500BFF101 /* SettingVC.m */ = {isa = PBXFileReference; lastKnownFileType = sourcecode.c.objc; path = SettingVC.m; sourceTree = "<group>"; };
		810C2C5F27DAF74800BFF101 /* SettingKeyVC.h */ = {isa = PBXFileReference; lastKnownFileType = sourcecode.c.h; path = SettingKeyVC.h; sourceTree = "<group>"; };
		810C2C6027DAF74800BFF101 /* SettingKeyVC.m */ = {isa = PBXFileReference; lastKnownFileType = sourcecode.c.objc; path = SettingKeyVC.m; sourceTree = "<group>"; };
		810C2C6227DAF81A00BFF101 /* SettingEnumValueVC.h */ = {isa = PBXFileReference; lastKnownFileType = sourcecode.c.h; path = SettingEnumValueVC.h; sourceTree = "<group>"; };
		810C2C6327DAF81A00BFF101 /* SettingEnumValueVC.m */ = {isa = PBXFileReference; lastKnownFileType = sourcecode.c.objc; path = SettingEnumValueVC.m; sourceTree = "<group>"; };
		810C2C6527DAF88300BFF101 /* PrefixHeader.pch */ = {isa = PBXFileReference; lastKnownFileType = sourcecode.c.h; path = PrefixHeader.pch; sourceTree = "<group>"; };
		810C2C6A27DB34A300BFF101 /* UIFontFamilysVC.h */ = {isa = PBXFileReference; lastKnownFileType = sourcecode.c.h; path = UIFontFamilysVC.h; sourceTree = "<group>"; };
		810C2C6B27DB34A300BFF101 /* UIFontFamilysVC.m */ = {isa = PBXFileReference; lastKnownFileType = sourcecode.c.objc; path = UIFontFamilysVC.m; sourceTree = "<group>"; };
		810D5D7927F43DE700A80154 /* UIViewController+YHNavigation.h */ = {isa = PBXFileReference; fileEncoding = 4; lastKnownFileType = sourcecode.c.h; path = "UIViewController+YHNavigation.h"; sourceTree = "<group>"; };
		810D5D7A27F43DE700A80154 /* YHNavigationDelegateObject.h */ = {isa = PBXFileReference; fileEncoding = 4; lastKnownFileType = sourcecode.c.h; path = YHNavigationDelegateObject.h; sourceTree = "<group>"; };
		810D5D7B27F43DE700A80154 /* YHNavigationTransitionAnimated.h */ = {isa = PBXFileReference; fileEncoding = 4; lastKnownFileType = sourcecode.c.h; path = YHNavigationTransitionAnimated.h; sourceTree = "<group>"; };
		810D5D7C27F43DE700A80154 /* YHNavigationBaseAnimated.m */ = {isa = PBXFileReference; fileEncoding = 4; lastKnownFileType = sourcecode.c.objc; path = YHNavigationBaseAnimated.m; sourceTree = "<group>"; };
		810D5D7D27F43DE700A80154 /* YHNavigationController.h */ = {isa = PBXFileReference; fileEncoding = 4; lastKnownFileType = sourcecode.c.h; path = YHNavigationController.h; sourceTree = "<group>"; };
		810D5D7E27F43DE700A80154 /* YHNavigationScaleAnimated.m */ = {isa = PBXFileReference; fileEncoding = 4; lastKnownFileType = sourcecode.c.objc; path = YHNavigationScaleAnimated.m; sourceTree = "<group>"; };
		810D5D7F27F43DE700A80154 /* YHNavigationFullScreenPopGesture.m */ = {isa = PBXFileReference; fileEncoding = 4; lastKnownFileType = sourcecode.c.objc; path = YHNavigationFullScreenPopGesture.m; sourceTree = "<group>"; };
		810D5D8027F43DE700A80154 /* YHNavigationTransitionAnimated.m */ = {isa = PBXFileReference; fileEncoding = 4; lastKnownFileType = sourcecode.c.objc; path = YHNavigationTransitionAnimated.m; sourceTree = "<group>"; };
		810D5D8127F43DE700A80154 /* YHNavigationDelegateObject.m */ = {isa = PBXFileReference; fileEncoding = 4; lastKnownFileType = sourcecode.c.objc; path = YHNavigationDelegateObject.m; sourceTree = "<group>"; };
		810D5D8227F43DE700A80154 /* UIViewController+YHNavigation.m */ = {isa = PBXFileReference; fileEncoding = 4; lastKnownFileType = sourcecode.c.objc; path = "UIViewController+YHNavigation.m"; sourceTree = "<group>"; };
		810D5D8327F43DE700A80154 /* YHNavigationFullScreenPopGesture.h */ = {isa = PBXFileReference; fileEncoding = 4; lastKnownFileType = sourcecode.c.h; path = YHNavigationFullScreenPopGesture.h; sourceTree = "<group>"; };
		810D5D8427F43DE700A80154 /* YHNavigationScaleAnimated.h */ = {isa = PBXFileReference; fileEncoding = 4; lastKnownFileType = sourcecode.c.h; path = YHNavigationScaleAnimated.h; sourceTree = "<group>"; };
		810D5D8527F43DE700A80154 /* YHNavigationController.m */ = {isa = PBXFileReference; fileEncoding = 4; lastKnownFileType = sourcecode.c.objc; path = YHNavigationController.m; sourceTree = "<group>"; };
		810D5D8627F43DE700A80154 /* YHNavigationBaseAnimated.h */ = {isa = PBXFileReference; fileEncoding = 4; lastKnownFileType = sourcecode.c.h; path = YHNavigationBaseAnimated.h; sourceTree = "<group>"; };
		810D5D8727F43DE700A80154 /* YHNavigationKit.h */ = {isa = PBXFileReference; fileEncoding = 4; lastKnownFileType = sourcecode.c.h; path = YHNavigationKit.h; sourceTree = "<group>"; };
		8172213D27DAEF2D0041E39D /* UIKitPreviewNote.app */ = {isa = PBXFileReference; explicitFileType = wrapper.application; includeInIndex = 0; path = UIKitPreviewNote.app; sourceTree = BUILT_PRODUCTS_DIR; };
		8172214027DAEF2D0041E39D /* AppDelegate.h */ = {isa = PBXFileReference; lastKnownFileType = sourcecode.c.h; path = AppDelegate.h; sourceTree = "<group>"; };
		8172214127DAEF2D0041E39D /* AppDelegate.m */ = {isa = PBXFileReference; lastKnownFileType = sourcecode.c.objc; path = AppDelegate.m; sourceTree = "<group>"; };
		8172214627DAEF2D0041E39D /* ViewController.h */ = {isa = PBXFileReference; lastKnownFileType = sourcecode.c.h; path = ViewController.h; sourceTree = "<group>"; };
		8172214727DAEF2D0041E39D /* ViewController.m */ = {isa = PBXFileReference; lastKnownFileType = sourcecode.c.objc; path = ViewController.m; sourceTree = "<group>"; };
		8172214A27DAEF2D0041E39D /* Base */ = {isa = PBXFileReference; lastKnownFileType = file.storyboard; name = Base; path = Base.lproj/Main.storyboard; sourceTree = "<group>"; };
		8172214C27DAEF2E0041E39D /* Assets.xcassets */ = {isa = PBXFileReference; lastKnownFileType = folder.assetcatalog; path = Assets.xcassets; sourceTree = "<group>"; };
		8172214F27DAEF2E0041E39D /* Base */ = {isa = PBXFileReference; lastKnownFileType = file.storyboard; name = Base; path = Base.lproj/LaunchScreen.storyboard; sourceTree = "<group>"; };
		8172215127DAEF2E0041E39D /* Info.plist */ = {isa = PBXFileReference; lastKnownFileType = text.plist.xml; path = Info.plist; sourceTree = "<group>"; };
		8172215227DAEF2E0041E39D /* main.m */ = {isa = PBXFileReference; lastKnownFileType = sourcecode.c.objc; path = main.m; sourceTree = "<group>"; };
		8172216427DAF3040041E39D /* UILabelVC.h */ = {isa = PBXFileReference; lastKnownFileType = sourcecode.c.h; path = UILabelVC.h; sourceTree = "<group>"; };
		8172216527DAF3040041E39D /* UILabelVC.m */ = {isa = PBXFileReference; lastKnownFileType = sourcecode.c.objc; path = UILabelVC.m; sourceTree = "<group>"; };
		817799B327E99D4B00BB90F3 /* NSAttributeStringVC.h */ = {isa = PBXFileReference; lastKnownFileType = sourcecode.c.h; path = NSAttributeStringVC.h; sourceTree = "<group>"; };
		817799B427E99D4B00BB90F3 /* NSAttributeStringVC.m */ = {isa = PBXFileReference; lastKnownFileType = sourcecode.c.objc; path = NSAttributeStringVC.m; sourceTree = "<group>"; };
		8179D0D627E1C93A0091D862 /* SettingNumCell.h */ = {isa = PBXFileReference; lastKnownFileType = sourcecode.c.h; path = SettingNumCell.h; sourceTree = "<group>"; };
		8179D0D727E1C93A0091D862 /* SettingNumCell.m */ = {isa = PBXFileReference; lastKnownFileType = sourcecode.c.objc; path = SettingNumCell.m; sourceTree = "<group>"; };
		81BC1F7727ED5D0800A8AFCF /* UICollectionVC.h */ = {isa = PBXFileReference; lastKnownFileType = sourcecode.c.h; path = UICollectionVC.h; sourceTree = "<group>"; };
		81BC1F7827ED5D0800A8AFCF /* UICollectionVC.m */ = {isa = PBXFileReference; lastKnownFileType = sourcecode.c.objc; path = UICollectionVC.m; sourceTree = "<group>"; };
		81BC1F7A27ED5EA300A8AFCF /* MyCollectionViewCell.h */ = {isa = PBXFileReference; lastKnownFileType = sourcecode.c.h; path = MyCollectionViewCell.h; sourceTree = "<group>"; };
		81BC1F7B27ED5EA300A8AFCF /* MyCollectionViewCell.m */ = {isa = PBXFileReference; lastKnownFileType = sourcecode.c.objc; path = MyCollectionViewCell.m; sourceTree = "<group>"; };
		81BC1F7D27ED66B300A8AFCF /* MyCollectionViewFlowLayout.h */ = {isa = PBXFileReference; lastKnownFileType = sourcecode.c.h; path = MyCollectionViewFlowLayout.h; sourceTree = "<group>"; };
		81BC1F7E27ED66B300A8AFCF /* MyCollectionViewFlowLayout.m */ = {isa = PBXFileReference; lastKnownFileType = sourcecode.c.objc; path = MyCollectionViewFlowLayout.m; sourceTree = "<group>"; };
		8449B5B7BA89E0646AC3D9F9 /* Pods-UIKitPreviewNote.debug.xcconfig */ = {isa = PBXFileReference; includeInIndex = 1; lastKnownFileType = text.xcconfig; name = "Pods-UIKitPreviewNote.debug.xcconfig"; path = "Target Support Files/Pods-UIKitPreviewNote/Pods-UIKitPreviewNote.debug.xcconfig"; sourceTree = "<group>"; };
		AB148B7B854771E2B4C90104 /* Pods-UIKitPreviewNote.release.xcconfig */ = {isa = PBXFileReference; includeInIndex = 1; lastKnownFileType = text.xcconfig; name = "Pods-UIKitPreviewNote.release.xcconfig"; path = "Target Support Files/Pods-UIKitPreviewNote/Pods-UIKitPreviewNote.release.xcconfig"; sourceTree = "<group>"; };
		CDF48E19C79DF3D3AB414A52 /* Pods_UIKitPreviewNote.framework */ = {isa = PBXFileReference; explicitFileType = wrapper.framework; includeInIndex = 0; path = Pods_UIKitPreviewNote.framework; sourceTree = BUILT_PRODUCTS_DIR; };
/* End PBXFileReference section */

/* Begin PBXFrameworksBuildPhase section */
		8172213A27DAEF2D0041E39D /* Frameworks */ = {
			isa = PBXFrameworksBuildPhase;
			buildActionMask = 2147483647;
			files = (
				55DD647A3D574DC5AED6956D /* Pods_UIKitPreviewNote.framework in Frameworks */,
			);
			runOnlyForDeploymentPostprocessing = 0;
		};
/* End PBXFrameworksBuildPhase section */

/* Begin PBXGroup section */
		81083F4327DECEC3002E954F /* View */ = {
			isa = PBXGroup;
			children = (
				81083F4427DECEE6002E954F /* LBTableViewHeader.h */,
				81083F4527DECEE6002E954F /* LBTableViewHeader.m */,
			);
			path = View;
			sourceTree = "<group>";
		};
		810C2C5A27DAF5A600BFF101 /* Preview */ = {
			isa = PBXGroup;
			children = (
				81BC1F7627ED5CEB00A8AFCF /* CollectionView */,
				81083F4327DECEC3002E954F /* View */,
				810C2C6927DB348800BFF101 /* Font */,
				8172216427DAF3040041E39D /* UILabelVC.h */,
				8172216527DAF3040041E39D /* UILabelVC.m */,
				817799B327E99D4B00BB90F3 /* NSAttributeStringVC.h */,
				817799B427E99D4B00BB90F3 /* NSAttributeStringVC.m */,
			);
			path = Preview;
			sourceTree = "<group>";
		};
		810C2C5B27DAF60700BFF101 /* Tool */ = {
			isa = PBXGroup;
			children = (
				810C2C5C27DAF67500BFF101 /* SettingVC.h */,
				810C2C5D27DAF67500BFF101 /* SettingVC.m */,
				810C2C5F27DAF74800BFF101 /* SettingKeyVC.h */,
				810C2C6027DAF74800BFF101 /* SettingKeyVC.m */,
				810C2C6227DAF81A00BFF101 /* SettingEnumValueVC.h */,
				810C2C6327DAF81A00BFF101 /* SettingEnumValueVC.m */,
				81083F4A27DEE3C9002E954F /* SettingFontVC.h */,
				81083F4B27DEE3C9002E954F /* SettingFontVC.m */,
				81083F5127DF0F75002E954F /* SettingColorVC.h */,
				81083F5227DF0F75002E954F /* SettingColorVC.m */,
				8179D0D627E1C93A0091D862 /* SettingNumCell.h */,
				8179D0D727E1C93A0091D862 /* SettingNumCell.m */,
			);
			path = Tool;
			sourceTree = "<group>";
		};
		810C2C6927DB348800BFF101 /* Font */ = {
			isa = PBXGroup;
			children = (
				81083F4727DED771002E954F /* UIFontSystemVC.h */,
				81083F4827DED771002E954F /* UIFontSystemVC.m */,
				810C2C6A27DB34A300BFF101 /* UIFontFamilysVC.h */,
				810C2C6B27DB34A300BFF101 /* UIFontFamilysVC.m */,
			);
			path = Font;
			sourceTree = "<group>";
		};
		810D5D7827F43DE700A80154 /* YHNavigationBar */ = {
			isa = PBXGroup;
			children = (
				810D5D7927F43DE700A80154 /* UIViewController+YHNavigation.h */,
				810D5D8227F43DE700A80154 /* UIViewController+YHNavigation.m */,
				810D5D8627F43DE700A80154 /* YHNavigationBaseAnimated.h */,
				810D5D7C27F43DE700A80154 /* YHNavigationBaseAnimated.m */,
				810D5D7D27F43DE700A80154 /* YHNavigationController.h */,
				810D5D8527F43DE700A80154 /* YHNavigationController.m */,
				810D5D7A27F43DE700A80154 /* YHNavigationDelegateObject.h */,
				810D5D8127F43DE700A80154 /* YHNavigationDelegateObject.m */,
				810D5D8327F43DE700A80154 /* YHNavigationFullScreenPopGesture.h */,
				810D5D7F27F43DE700A80154 /* YHNavigationFullScreenPopGesture.m */,
				810D5D8727F43DE700A80154 /* YHNavigationKit.h */,
				810D5D8427F43DE700A80154 /* YHNavigationScaleAnimated.h */,
				810D5D7E27F43DE700A80154 /* YHNavigationScaleAnimated.m */,
				810D5D7B27F43DE700A80154 /* YHNavigationTransitionAnimated.h */,
				810D5D8027F43DE700A80154 /* YHNavigationTransitionAnimated.m */,
			);
			path = YHNavigationBar;
			sourceTree = "<group>";
		};
		8172213427DAEF2D0041E39D = {
			isa = PBXGroup;
			children = (
				8172213F27DAEF2D0041E39D /* UIKitPreviewNote */,
				8172213E27DAEF2D0041E39D /* Products */,
				CDCB567E645793DED671ECDB /* Pods */,
				97632E9EAD8BCAAC20DE20A2 /* Frameworks */,
			);
			sourceTree = "<group>";
		};
		8172213E27DAEF2D0041E39D /* Products */ = {
			isa = PBXGroup;
			children = (
				8172213D27DAEF2D0041E39D /* UIKitPreviewNote.app */,
			);
			name = Products;
			sourceTree = "<group>";
		};
		8172213F27DAEF2D0041E39D /* UIKitPreviewNote */ = {
			isa = PBXGroup;
			children = (
				810D5D7827F43DE700A80154 /* YHNavigationBar */,
				810C2C5B27DAF60700BFF101 /* Tool */,
				810C2C5A27DAF5A600BFF101 /* Preview */,
				8172214027DAEF2D0041E39D /* AppDelegate.h */,
				8172214127DAEF2D0041E39D /* AppDelegate.m */,
				8172214627DAEF2D0041E39D /* ViewController.h */,
				8172214727DAEF2D0041E39D /* ViewController.m */,
				8172214927DAEF2D0041E39D /* Main.storyboard */,
				8172214C27DAEF2E0041E39D /* Assets.xcassets */,
				8172214E27DAEF2E0041E39D /* LaunchScreen.storyboard */,
				8172215127DAEF2E0041E39D /* Info.plist */,
				8172215227DAEF2E0041E39D /* main.m */,
				810C2C6527DAF88300BFF101 /* PrefixHeader.pch */,
			);
			path = UIKitPreviewNote;
			sourceTree = "<group>";
		};
		81BC1F7627ED5CEB00A8AFCF /* CollectionView */ = {
			isa = PBXGroup;
			children = (
				81BC1F7727ED5D0800A8AFCF /* UICollectionVC.h */,
				81BC1F7827ED5D0800A8AFCF /* UICollectionVC.m */,
				81BC1F7A27ED5EA300A8AFCF /* MyCollectionViewCell.h */,
				81BC1F7B27ED5EA300A8AFCF /* MyCollectionViewCell.m */,
				81BC1F7D27ED66B300A8AFCF /* MyCollectionViewFlowLayout.h */,
				81BC1F7E27ED66B300A8AFCF /* MyCollectionViewFlowLayout.m */,
			);
			path = CollectionView;
			sourceTree = "<group>";
		};
		97632E9EAD8BCAAC20DE20A2 /* Frameworks */ = {
			isa = PBXGroup;
			children = (
				CDF48E19C79DF3D3AB414A52 /* Pods_UIKitPreviewNote.framework */,
			);
			name = Frameworks;
			sourceTree = "<group>";
		};
		CDCB567E645793DED671ECDB /* Pods */ = {
			isa = PBXGroup;
			children = (
				8449B5B7BA89E0646AC3D9F9 /* Pods-UIKitPreviewNote.debug.xcconfig */,
				AB148B7B854771E2B4C90104 /* Pods-UIKitPreviewNote.release.xcconfig */,
			);
			path = Pods;
			sourceTree = "<group>";
		};
/* End PBXGroup section */

/* Begin PBXNativeTarget section */
		8172213C27DAEF2D0041E39D /* UIKitPreviewNote */ = {
			isa = PBXNativeTarget;
			buildConfigurationList = 8172215627DAEF2E0041E39D /* Build configuration list for PBXNativeTarget "UIKitPreviewNote" */;
			buildPhases = (
				EBE25A358AC32A78E7EFD2C6 /* [CP] Check Pods Manifest.lock */,
				8172213927DAEF2D0041E39D /* Sources */,
				8172213A27DAEF2D0041E39D /* Frameworks */,
				8172213B27DAEF2D0041E39D /* Resources */,
				51F9B54DBC8AF74203BB7F32 /* [CP] Embed Pods Frameworks */,
			);
			buildRules = (
			);
			dependencies = (
			);
			name = UIKitPreviewNote;
			productName = UIKitPreviewNote;
			productReference = 8172213D27DAEF2D0041E39D /* UIKitPreviewNote.app */;
			productType = "com.apple.product-type.application";
		};
/* End PBXNativeTarget section */

/* Begin PBXProject section */
		8172213527DAEF2D0041E39D /* Project object */ = {
			isa = PBXProject;
			attributes = {
				BuildIndependentTargetsInParallel = 1;
				LastUpgradeCheck = 1320;
				TargetAttributes = {
					8172213C27DAEF2D0041E39D = {
						CreatedOnToolsVersion = 13.2.1;
					};
				};
			};
			buildConfigurationList = 8172213827DAEF2D0041E39D /* Build configuration list for PBXProject "UIKitPreviewNote" */;
			compatibilityVersion = "Xcode 13.0";
			developmentRegion = en;
			hasScannedForEncodings = 0;
			knownRegions = (
				en,
				Base,
			);
			mainGroup = 8172213427DAEF2D0041E39D;
			productRefGroup = 8172213E27DAEF2D0041E39D /* Products */;
			projectDirPath = "";
			projectRoot = "";
			targets = (
				8172213C27DAEF2D0041E39D /* UIKitPreviewNote */,
			);
		};
/* End PBXProject section */

/* Begin PBXResourcesBuildPhase section */
		8172213B27DAEF2D0041E39D /* Resources */ = {
			isa = PBXResourcesBuildPhase;
			buildActionMask = 2147483647;
			files = (
				8172215027DAEF2E0041E39D /* LaunchScreen.storyboard in Resources */,
				8172214D27DAEF2E0041E39D /* Assets.xcassets in Resources */,
				8172214B27DAEF2D0041E39D /* Main.storyboard in Resources */,
			);
			runOnlyForDeploymentPostprocessing = 0;
		};
/* End PBXResourcesBuildPhase section */

/* Begin PBXShellScriptBuildPhase section */
		51F9B54DBC8AF74203BB7F32 /* [CP] Embed Pods Frameworks */ = {
			isa = PBXShellScriptBuildPhase;
			buildActionMask = 2147483647;
			files = (
			);
			inputFileListPaths = (
				"${PODS_ROOT}/Target Support Files/Pods-UIKitPreviewNote/Pods-UIKitPreviewNote-frameworks-${CONFIGURATION}-input-files.xcfilelist",
			);
			name = "[CP] Embed Pods Frameworks";
			outputFileListPaths = (
				"${PODS_ROOT}/Target Support Files/Pods-UIKitPreviewNote/Pods-UIKitPreviewNote-frameworks-${CONFIGURATION}-output-files.xcfilelist",
			);
			runOnlyForDeploymentPostprocessing = 0;
			shellPath = /bin/sh;
			shellScript = "\"${PODS_ROOT}/Target Support Files/Pods-UIKitPreviewNote/Pods-UIKitPreviewNote-frameworks.sh\"\n";
			showEnvVarsInLog = 0;
		};
		EBE25A358AC32A78E7EFD2C6 /* [CP] Check Pods Manifest.lock */ = {
			isa = PBXShellScriptBuildPhase;
			buildActionMask = 2147483647;
			files = (
			);
			inputFileListPaths = (
			);
			inputPaths = (
				"${PODS_PODFILE_DIR_PATH}/Podfile.lock",
				"${PODS_ROOT}/Manifest.lock",
			);
			name = "[CP] Check Pods Manifest.lock";
			outputFileListPaths = (
			);
			outputPaths = (
				"$(DERIVED_FILE_DIR)/Pods-UIKitPreviewNote-checkManifestLockResult.txt",
			);
			runOnlyForDeploymentPostprocessing = 0;
			shellPath = /bin/sh;
			shellScript = "diff \"${PODS_PODFILE_DIR_PATH}/Podfile.lock\" \"${PODS_ROOT}/Manifest.lock\" > /dev/null\nif [ $? != 0 ] ; then\n    # print error to STDERR\n    echo \"error: The sandbox is not in sync with the Podfile.lock. Run 'pod install' or update your CocoaPods installation.\" >&2\n    exit 1\nfi\n# This output is used by Xcode 'outputs' to avoid re-running this script phase.\necho \"SUCCESS\" > \"${SCRIPT_OUTPUT_FILE_0}\"\n";
			showEnvVarsInLog = 0;
		};
/* End PBXShellScriptBuildPhase section */

/* Begin PBXSourcesBuildPhase section */
		8172213927DAEF2D0041E39D /* Sources */ = {
			isa = PBXSourcesBuildPhase;
			buildActionMask = 2147483647;
			files = (
				810D5D8E27F43DE800A80154 /* YHNavigationController.m in Sources */,
				810C2C5E27DAF67500BFF101 /* SettingVC.m in Sources */,
				810C2C6427DAF81A00BFF101 /* SettingEnumValueVC.m in Sources */,
				810D5D8B27F43DE800A80154 /* YHNavigationTransitionAnimated.m in Sources */,
				8172216727DAF3040041E39D /* UILabelVC.m in Sources */,
				81BC1F7F27ED66B300A8AFCF /* MyCollectionViewFlowLayout.m in Sources */,
				810D5D8827F43DE800A80154 /* YHNavigationBaseAnimated.m in Sources */,
				810D5D8C27F43DE800A80154 /* YHNavigationDelegateObject.m in Sources */,
				81083F5327DF0F75002E954F /* SettingColorVC.m in Sources */,
				8179D0D827E1C93A0091D862 /* SettingNumCell.m in Sources */,
				8172214827DAEF2D0041E39D /* ViewController.m in Sources */,
				81083F4927DED771002E954F /* UIFontSystemVC.m in Sources */,
				810D5D8927F43DE800A80154 /* YHNavigationScaleAnimated.m in Sources */,
				817799B527E99D4B00BB90F3 /* NSAttributeStringVC.m in Sources */,
				810D5D8A27F43DE800A80154 /* YHNavigationFullScreenPopGesture.m in Sources */,
				810C2C6C27DB34A300BFF101 /* UIFontFamilysVC.m in Sources */,
				8172214227DAEF2D0041E39D /* AppDelegate.m in Sources */,
				81BC1F7927ED5D0800A8AFCF /* UICollectionVC.m in Sources */,
				81083F4C27DEE3C9002E954F /* SettingFontVC.m in Sources */,
				8172215327DAEF2E0041E39D /* main.m in Sources */,
				81083F4627DECEE6002E954F /* LBTableViewHeader.m in Sources */,
				81BC1F7C27ED5EA400A8AFCF /* MyCollectionViewCell.m in Sources */,
				810C2C6127DAF74800BFF101 /* SettingKeyVC.m in Sources */,
				810D5D8D27F43DE800A80154 /* UIViewController+YHNavigation.m in Sources */,
			);
			runOnlyForDeploymentPostprocessing = 0;
		};
/* End PBXSourcesBuildPhase section */

/* Begin PBXVariantGroup section */
		8172214927DAEF2D0041E39D /* Main.storyboard */ = {
			isa = PBXVariantGroup;
			children = (
				8172214A27DAEF2D0041E39D /* Base */,
			);
			name = Main.storyboard;
			sourceTree = "<group>";
		};
		8172214E27DAEF2E0041E39D /* LaunchScreen.storyboard */ = {
			isa = PBXVariantGroup;
			children = (
				8172214F27DAEF2E0041E39D /* Base */,
			);
			name = LaunchScreen.storyboard;
			sourceTree = "<group>";
		};
/* End PBXVariantGroup section */

/* Begin XCBuildConfiguration section */
		8172215427DAEF2E0041E39D /* Debug */ = {
			isa = XCBuildConfiguration;
			buildSettings = {
				ALWAYS_SEARCH_USER_PATHS = NO;
				CLANG_ANALYZER_NONNULL = YES;
				CLANG_ANALYZER_NUMBER_OBJECT_CONVERSION = YES_AGGRESSIVE;
				CLANG_CXX_LANGUAGE_STANDARD = "gnu++17";
				CLANG_CXX_LIBRARY = "libc++";
				CLANG_ENABLE_MODULES = YES;
				CLANG_ENABLE_OBJC_ARC = YES;
				CLANG_ENABLE_OBJC_WEAK = YES;
				CLANG_WARN_BLOCK_CAPTURE_AUTORELEASING = YES;
				CLANG_WARN_BOOL_CONVERSION = YES;
				CLANG_WARN_COMMA = YES;
				CLANG_WARN_CONSTANT_CONVERSION = YES;
				CLANG_WARN_DEPRECATED_OBJC_IMPLEMENTATIONS = YES;
				CLANG_WARN_DIRECT_OBJC_ISA_USAGE = YES_ERROR;
				CLANG_WARN_DOCUMENTATION_COMMENTS = YES;
				CLANG_WARN_EMPTY_BODY = YES;
				CLANG_WARN_ENUM_CONVERSION = YES;
				CLANG_WARN_INFINITE_RECURSION = YES;
				CLANG_WARN_INT_CONVERSION = YES;
				CLANG_WARN_NON_LITERAL_NULL_CONVERSION = YES;
				CLANG_WARN_OBJC_IMPLICIT_RETAIN_SELF = YES;
				CLANG_WARN_OBJC_LITERAL_CONVERSION = YES;
				CLANG_WARN_OBJC_ROOT_CLASS = YES_ERROR;
				CLANG_WARN_QUOTED_INCLUDE_IN_FRAMEWORK_HEADER = YES;
				CLANG_WARN_RANGE_LOOP_ANALYSIS = YES;
				CLANG_WARN_STRICT_PROTOTYPES = YES;
				CLANG_WARN_SUSPICIOUS_MOVE = YES;
				CLANG_WARN_UNGUARDED_AVAILABILITY = YES_AGGRESSIVE;
				CLANG_WARN_UNREACHABLE_CODE = YES;
				CLANG_WARN__DUPLICATE_METHOD_MATCH = YES;
				COPY_PHASE_STRIP = NO;
				DEBUG_INFORMATION_FORMAT = dwarf;
				ENABLE_STRICT_OBJC_MSGSEND = YES;
				ENABLE_TESTABILITY = YES;
				GCC_C_LANGUAGE_STANDARD = gnu11;
				GCC_DYNAMIC_NO_PIC = NO;
				GCC_NO_COMMON_BLOCKS = YES;
				GCC_OPTIMIZATION_LEVEL = 0;
				GCC_PREPROCESSOR_DEFINITIONS = (
					"DEBUG=1",
					"$(inherited)",
				);
				GCC_WARN_64_TO_32_BIT_CONVERSION = YES;
				GCC_WARN_ABOUT_RETURN_TYPE = YES_ERROR;
				GCC_WARN_UNDECLARED_SELECTOR = YES;
				GCC_WARN_UNINITIALIZED_AUTOS = YES_AGGRESSIVE;
				GCC_WARN_UNUSED_FUNCTION = YES;
				GCC_WARN_UNUSED_VARIABLE = YES;
				IPHONEOS_DEPLOYMENT_TARGET = 15.2;
				MTL_ENABLE_DEBUG_INFO = INCLUDE_SOURCE;
				MTL_FAST_MATH = YES;
				ONLY_ACTIVE_ARCH = YES;
				SDKROOT = iphoneos;
			};
			name = Debug;
		};
		8172215527DAEF2E0041E39D /* Release */ = {
			isa = XCBuildConfiguration;
			buildSettings = {
				ALWAYS_SEARCH_USER_PATHS = NO;
				CLANG_ANALYZER_NONNULL = YES;
				CLANG_ANALYZER_NUMBER_OBJECT_CONVERSION = YES_AGGRESSIVE;
				CLANG_CXX_LANGUAGE_STANDARD = "gnu++17";
				CLANG_CXX_LIBRARY = "libc++";
				CLANG_ENABLE_MODULES = YES;
				CLANG_ENABLE_OBJC_ARC = YES;
				CLANG_ENABLE_OBJC_WEAK = YES;
				CLANG_WARN_BLOCK_CAPTURE_AUTORELEASING = YES;
				CLANG_WARN_BOOL_CONVERSION = YES;
				CLANG_WARN_COMMA = YES;
				CLANG_WARN_CONSTANT_CONVERSION = YES;
				CLANG_WARN_DEPRECATED_OBJC_IMPLEMENTATIONS = YES;
				CLANG_WARN_DIRECT_OBJC_ISA_USAGE = YES_ERROR;
				CLANG_WARN_DOCUMENTATION_COMMENTS = YES;
				CLANG_WARN_EMPTY_BODY = YES;
				CLANG_WARN_ENUM_CONVERSION = YES;
				CLANG_WARN_INFINITE_RECURSION = YES;
				CLANG_WARN_INT_CONVERSION = YES;
				CLANG_WARN_NON_LITERAL_NULL_CONVERSION = YES;
				CLANG_WARN_OBJC_IMPLICIT_RETAIN_SELF = YES;
				CLANG_WARN_OBJC_LITERAL_CONVERSION = YES;
				CLANG_WARN_OBJC_ROOT_CLASS = YES_ERROR;
				CLANG_WARN_QUOTED_INCLUDE_IN_FRAMEWORK_HEADER = YES;
				CLANG_WARN_RANGE_LOOP_ANALYSIS = YES;
				CLANG_WARN_STRICT_PROTOTYPES = YES;
				CLANG_WARN_SUSPICIOUS_MOVE = YES;
				CLANG_WARN_UNGUARDED_AVAILABILITY = YES_AGGRESSIVE;
				CLANG_WARN_UNREACHABLE_CODE = YES;
				CLANG_WARN__DUPLICATE_METHOD_MATCH = YES;
				COPY_PHASE_STRIP = NO;
				DEBUG_INFORMATION_FORMAT = "dwarf-with-dsym";
				ENABLE_NS_ASSERTIONS = NO;
				ENABLE_STRICT_OBJC_MSGSEND = YES;
				GCC_C_LANGUAGE_STANDARD = gnu11;
				GCC_NO_COMMON_BLOCKS = YES;
				GCC_WARN_64_TO_32_BIT_CONVERSION = YES;
				GCC_WARN_ABOUT_RETURN_TYPE = YES_ERROR;
				GCC_WARN_UNDECLARED_SELECTOR = YES;
				GCC_WARN_UNINITIALIZED_AUTOS = YES_AGGRESSIVE;
				GCC_WARN_UNUSED_FUNCTION = YES;
				GCC_WARN_UNUSED_VARIABLE = YES;
				IPHONEOS_DEPLOYMENT_TARGET = 15.2;
				MTL_ENABLE_DEBUG_INFO = NO;
				MTL_FAST_MATH = YES;
				SDKROOT = iphoneos;
				VALIDATE_PRODUCT = YES;
			};
			name = Release;
		};
		8172215727DAEF2E0041E39D /* Debug */ = {
			isa = XCBuildConfiguration;
			baseConfigurationReference = 8449B5B7BA89E0646AC3D9F9 /* Pods-UIKitPreviewNote.debug.xcconfig */;
			buildSettings = {
				ASSETCATALOG_COMPILER_APPICON_NAME = AppIcon;
				ASSETCATALOG_COMPILER_GLOBAL_ACCENT_COLOR_NAME = AccentColor;
				CODE_SIGN_STYLE = Automatic;
				CURRENT_PROJECT_VERSION = 1;
				DEVELOPMENT_TEAM = C77C4Z7YUK;
				GCC_PRECOMPILE_PREFIX_HEADER = YES;
				GCC_PREFIX_HEADER = $SRCROOT/UIKitPreviewNote/PrefixHeader.pch;
				GENERATE_INFOPLIST_FILE = YES;
				INFOPLIST_FILE = UIKitPreviewNote/Info.plist;
				INFOPLIST_KEY_UIApplicationSupportsIndirectInputEvents = YES;
				INFOPLIST_KEY_UILaunchStoryboardName = LaunchScreen;
				INFOPLIST_KEY_UIMainStoryboardFile = Main;
				INFOPLIST_KEY_UISupportedInterfaceOrientations_iPad = "UIInterfaceOrientationPortrait UIInterfaceOrientationPortraitUpsideDown UIInterfaceOrientationLandscapeLeft UIInterfaceOrientationLandscapeRight";
				INFOPLIST_KEY_UISupportedInterfaceOrientations_iPhone = "UIInterfaceOrientationPortrait UIInterfaceOrientationLandscapeLeft UIInterfaceOrientationLandscapeRight";
				LD_RUNPATH_SEARCH_PATHS = (
					"$(inherited)",
					"@executable_path/Frameworks",
				);
				MARKETING_VERSION = 1.0;
				PRODUCT_BUNDLE_IDENTIFIER = com.syc.saas.demo;
				PRODUCT_NAME = "$(TARGET_NAME)";
				SWIFT_EMIT_LOC_STRINGS = YES;
				TARGETED_DEVICE_FAMILY = "1,2";
			};
			name = Debug;
		};
		8172215827DAEF2E0041E39D /* Release */ = {
			isa = XCBuildConfiguration;
			baseConfigurationReference = AB148B7B854771E2B4C90104 /* Pods-UIKitPreviewNote.release.xcconfig */;
			buildSettings = {
				ASSETCATALOG_COMPILER_APPICON_NAME = AppIcon;
				ASSETCATALOG_COMPILER_GLOBAL_ACCENT_COLOR_NAME = AccentColor;
				CODE_SIGN_STYLE = Automatic;
				CURRENT_PROJECT_VERSION = 1;
				DEVELOPMENT_TEAM = C77C4Z7YUK;
				GCC_PRECOMPILE_PREFIX_HEADER = YES;
				GCC_PREFIX_HEADER = $SRCROOT/UIKitPreviewNote/PrefixHeader.pch;
				GENERATE_INFOPLIST_FILE = YES;
				INFOPLIST_FILE = UIKitPreviewNote/Info.plist;
				INFOPLIST_KEY_UIApplicationSupportsIndirectInputEvents = YES;
				INFOPLIST_KEY_UILaunchStoryboardName = LaunchScreen;
				INFOPLIST_KEY_UIMainStoryboardFile = Main;
				INFOPLIST_KEY_UISupportedInterfaceOrientations_iPad = "UIInterfaceOrientationPortrait UIInterfaceOrientationPortraitUpsideDown UIInterfaceOrientationLandscapeLeft UIInterfaceOrientationLandscapeRight";
				INFOPLIST_KEY_UISupportedInterfaceOrientations_iPhone = "UIInterfaceOrientationPortrait UIInterfaceOrientationLandscapeLeft UIInterfaceOrientationLandscapeRight";
				LD_RUNPATH_SEARCH_PATHS = (
					"$(inherited)",
					"@executable_path/Frameworks",
				);
				MARKETING_VERSION = 1.0;
				PRODUCT_BUNDLE_IDENTIFIER = com.syc.saas.demo;
				PRODUCT_NAME = "$(TARGET_NAME)";
				SWIFT_EMIT_LOC_STRINGS = YES;
				TARGETED_DEVICE_FAMILY = "1,2";
			};
			name = Release;
		};
/* End XCBuildConfiguration section */

/* Begin XCConfigurationList section */
		8172213827DAEF2D0041E39D /* Build configuration list for PBXProject "UIKitPreviewNote" */ = {
			isa = XCConfigurationList;
			buildConfigurations = (
				8172215427DAEF2E0041E39D /* Debug */,
				8172215527DAEF2E0041E39D /* Release */,
			);
			defaultConfigurationIsVisible = 0;
			defaultConfigurationName = Release;
		};
		8172215627DAEF2E0041E39D /* Build configuration list for PBXNativeTarget "UIKitPreviewNote" */ = {
			isa = XCConfigurationList;
			buildConfigurations = (
				8172215727DAEF2E0041E39D /* Debug */,
				8172215827DAEF2E0041E39D /* Release */,
			);
			defaultConfigurationIsVisible = 0;
			defaultConfigurationName = Release;
		};
/* End XCConfigurationList section */
	};
	rootObject = 8172213527DAEF2D0041E39D /* Project object */;
}
